// !$*UTF8*$!
{
	archiveVersion = 1;
	classes = {
	};
	objectVersion = 56;
	objects = {

/* Begin PBXBuildFile section */
		2F3BD8682AE119CD0044F4DD /* AppDelegate.swift in Sources */ = {isa = PBXBuildFile; fileRef = 2F3BD8672AE119CD0044F4DD /* AppDelegate.swift */; };
		2F3BD86A2AE119CD0044F4DD /* SceneDelegate.swift in Sources */ = {isa = PBXBuildFile; fileRef = 2F3BD8692AE119CD0044F4DD /* SceneDelegate.swift */; };
		2F3BD86C2AE119CD0044F4DD /* ViewController.swift in Sources */ = {isa = PBXBuildFile; fileRef = 2F3BD86B2AE119CD0044F4DD /* ViewController.swift */; };
		2F3BD8712AE119CF0044F4DD /* Assets.xcassets in Resources */ = {isa = PBXBuildFile; fileRef = 2F3BD8702AE119CF0044F4DD /* Assets.xcassets */; };
		2F3BD8742AE119CF0044F4DD /* LaunchScreen.storyboard in Resources */ = {isa = PBXBuildFile; fileRef = 2F3BD8722AE119CF0044F4DD /* LaunchScreen.storyboard */; };
		2F61525D2AE69BDD00FCC073 /* ColorGenerator.swift in Sources */ = {isa = PBXBuildFile; fileRef = 2F61525C2AE69BDD00FCC073 /* ColorGenerator.swift */; };
		2F61526F2AE7629400FCC073 /* Location.swift in Sources */ = {isa = PBXBuildFile; fileRef = 2F61526B2AE7629400FCC073 /* Location.swift */; };
		2F6152702AE7629400FCC073 /* CharacterGenerator.swift in Sources */ = {isa = PBXBuildFile; fileRef = 2F61526C2AE7629400FCC073 /* CharacterGenerator.swift */; };
		2F6152712AE7629400FCC073 /* Character.swift in Sources */ = {isa = PBXBuildFile; fileRef = 2F61526D2AE7629400FCC073 /* Character.swift */; };
		2F6152722AE7629400FCC073 /* LocationsList.swift in Sources */ = {isa = PBXBuildFile; fileRef = 2F61526E2AE7629400FCC073 /* LocationsList.swift */; };
		2F6152742AEAA5CB00FCC073 /* Assembly.swift in Sources */ = {isa = PBXBuildFile; fileRef = 2F6152732AEAA5CB00FCC073 /* Assembly.swift */; };
		2FEB76D12AF9185000EB4B53 /* BaseCoordinator.swift in Sources */ = {isa = PBXBuildFile; fileRef = 2FEB76D02AF9185000EB4B53 /* BaseCoordinator.swift */; };
		2FEB76D32AF9194200EB4B53 /* AppCoordinator.swift in Sources */ = {isa = PBXBuildFile; fileRef = 2FEB76D22AF9194200EB4B53 /* AppCoordinator.swift */; };
		2FEB76D92AF9231A00EB4B53 /* AuthView.swift in Sources */ = {isa = PBXBuildFile; fileRef = 2FEB76D82AF9231900EB4B53 /* AuthView.swift */; };
		2FEB76DB2AF9233E00EB4B53 /* AuthViewController.swift in Sources */ = {isa = PBXBuildFile; fileRef = 2FEB76DA2AF9233E00EB4B53 /* AuthViewController.swift */; };
		2FEB76DD2AF9242C00EB4B53 /* AuthViewData.swift in Sources */ = {isa = PBXBuildFile; fileRef = 2FEB76DC2AF9242C00EB4B53 /* AuthViewData.swift */; };
		2FEB76DF2AF9245700EB4B53 /* AuthDataProvider.swift in Sources */ = {isa = PBXBuildFile; fileRef = 2FEB76DE2AF9245700EB4B53 /* AuthDataProvider.swift */; };
		2FEB76E12AF9249900EB4B53 /* AuthAssembly.swift in Sources */ = {isa = PBXBuildFile; fileRef = 2FEB76E02AF9249900EB4B53 /* AuthAssembly.swift */; };
		2FEB76E32AF9261400EB4B53 /* AuthCoordinator.swift in Sources */ = {isa = PBXBuildFile; fileRef = 2FEB76E22AF9261400EB4B53 /* AuthCoordinator.swift */; };
		2FEB76FA2AFCE24700EB4B53 /* RegistrationView.swift in Sources */ = {isa = PBXBuildFile; fileRef = 2FEB76F42AFCE24700EB4B53 /* RegistrationView.swift */; };
		2FEB76FB2AFCE24700EB4B53 /* RegistrationAssembly.swift in Sources */ = {isa = PBXBuildFile; fileRef = 2FEB76F52AFCE24700EB4B53 /* RegistrationAssembly.swift */; };
		2FEB76FD2AFCE24700EB4B53 /* RegistrationDataProvider.swift in Sources */ = {isa = PBXBuildFile; fileRef = 2FEB76F72AFCE24700EB4B53 /* RegistrationDataProvider.swift */; };
		2FEB76FE2AFCE24700EB4B53 /* RegistrationViewController.swift in Sources */ = {isa = PBXBuildFile; fileRef = 2FEB76F82AFCE24700EB4B53 /* RegistrationViewController.swift */; };
		2FEB76FF2AFCE24700EB4B53 /* RegistrationCoordinator.swift in Sources */ = {isa = PBXBuildFile; fileRef = 2FEB76F92AFCE24700EB4B53 /* RegistrationCoordinator.swift */; };
		2FEB77022AFD12A300EB4B53 /* SplashDataProvider.swift in Sources */ = {isa = PBXBuildFile; fileRef = 2FEB77012AFD12A300EB4B53 /* SplashDataProvider.swift */; };
		2FEB77042AFD12F700EB4B53 /* SplashViewData.swift in Sources */ = {isa = PBXBuildFile; fileRef = 2FEB77032AFD12F700EB4B53 /* SplashViewData.swift */; };
		2FEB77062AFD131000EB4B53 /* SplashAssembly.swift in Sources */ = {isa = PBXBuildFile; fileRef = 2FEB77052AFD131000EB4B53 /* SplashAssembly.swift */; };
		2FEB77082AFD132700EB4B53 /* SplashView.swift in Sources */ = {isa = PBXBuildFile; fileRef = 2FEB77072AFD132700EB4B53 /* SplashView.swift */; };
		2FEB770A2AFD136400EB4B53 /* SplashViewController.swift in Sources */ = {isa = PBXBuildFile; fileRef = 2FEB77092AFD136400EB4B53 /* SplashViewController.swift */; };
		2FEB770C2AFD141900EB4B53 /* SplashCoordinator.swift in Sources */ = {isa = PBXBuildFile; fileRef = 2FEB770B2AFD141900EB4B53 /* SplashCoordinator.swift */; };
		2FEB770E2AFE650F00EB4B53 /* RegistrationViewData.swift in Sources */ = {isa = PBXBuildFile; fileRef = 2FEB770D2AFE650F00EB4B53 /* RegistrationViewData.swift */; };
/* End PBXBuildFile section */

/* Begin PBXFileReference section */
		2F3BD8642AE119CD0044F4DD /* iosSchoolHH.app */ = {isa = PBXFileReference; explicitFileType = wrapper.application; includeInIndex = 0; path = iosSchoolHH.app; sourceTree = BUILT_PRODUCTS_DIR; };
		2F3BD8672AE119CD0044F4DD /* AppDelegate.swift */ = {isa = PBXFileReference; lastKnownFileType = sourcecode.swift; path = AppDelegate.swift; sourceTree = "<group>"; };
		2F3BD8692AE119CD0044F4DD /* SceneDelegate.swift */ = {isa = PBXFileReference; lastKnownFileType = sourcecode.swift; path = SceneDelegate.swift; sourceTree = "<group>"; };
		2F3BD86B2AE119CD0044F4DD /* ViewController.swift */ = {isa = PBXFileReference; lastKnownFileType = sourcecode.swift; path = ViewController.swift; sourceTree = "<group>"; };
		2F3BD8702AE119CF0044F4DD /* Assets.xcassets */ = {isa = PBXFileReference; lastKnownFileType = folder.assetcatalog; path = Assets.xcassets; sourceTree = "<group>"; };
		2F3BD8732AE119CF0044F4DD /* Base */ = {isa = PBXFileReference; lastKnownFileType = file.storyboard; name = Base; path = Base.lproj/LaunchScreen.storyboard; sourceTree = "<group>"; };
		2F3BD8752AE119CF0044F4DD /* Info.plist */ = {isa = PBXFileReference; lastKnownFileType = text.plist.xml; path = Info.plist; sourceTree = "<group>"; };
		2F61525C2AE69BDD00FCC073 /* ColorGenerator.swift */ = {isa = PBXFileReference; lastKnownFileType = sourcecode.swift; path = ColorGenerator.swift; sourceTree = "<group>"; };
		2F61526B2AE7629400FCC073 /* Location.swift */ = {isa = PBXFileReference; fileEncoding = 4; lastKnownFileType = sourcecode.swift; path = Location.swift; sourceTree = "<group>"; };
		2F61526C2AE7629400FCC073 /* CharacterGenerator.swift */ = {isa = PBXFileReference; fileEncoding = 4; lastKnownFileType = sourcecode.swift; path = CharacterGenerator.swift; sourceTree = "<group>"; };
		2F61526D2AE7629400FCC073 /* Character.swift */ = {isa = PBXFileReference; fileEncoding = 4; lastKnownFileType = sourcecode.swift; path = Character.swift; sourceTree = "<group>"; };
		2F61526E2AE7629400FCC073 /* LocationsList.swift */ = {isa = PBXFileReference; fileEncoding = 4; lastKnownFileType = sourcecode.swift; path = LocationsList.swift; sourceTree = "<group>"; };
		2F6152732AEAA5CB00FCC073 /* Assembly.swift */ = {isa = PBXFileReference; lastKnownFileType = sourcecode.swift; path = Assembly.swift; sourceTree = "<group>"; };
		2FEB76D02AF9185000EB4B53 /* BaseCoordinator.swift */ = {isa = PBXFileReference; lastKnownFileType = sourcecode.swift; path = BaseCoordinator.swift; sourceTree = "<group>"; };
		2FEB76D22AF9194200EB4B53 /* AppCoordinator.swift */ = {isa = PBXFileReference; lastKnownFileType = sourcecode.swift; path = AppCoordinator.swift; sourceTree = "<group>"; };
		2FEB76D82AF9231900EB4B53 /* AuthView.swift */ = {isa = PBXFileReference; lastKnownFileType = sourcecode.swift; path = AuthView.swift; sourceTree = "<group>"; };
		2FEB76DA2AF9233E00EB4B53 /* AuthViewController.swift */ = {isa = PBXFileReference; lastKnownFileType = sourcecode.swift; path = AuthViewController.swift; sourceTree = "<group>"; };
		2FEB76DC2AF9242C00EB4B53 /* AuthViewData.swift */ = {isa = PBXFileReference; lastKnownFileType = sourcecode.swift; path = AuthViewData.swift; sourceTree = "<group>"; };
		2FEB76DE2AF9245700EB4B53 /* AuthDataProvider.swift */ = {isa = PBXFileReference; lastKnownFileType = sourcecode.swift; path = AuthDataProvider.swift; sourceTree = "<group>"; };
		2FEB76E02AF9249900EB4B53 /* AuthAssembly.swift */ = {isa = PBXFileReference; lastKnownFileType = sourcecode.swift; path = AuthAssembly.swift; sourceTree = "<group>"; };
		2FEB76E22AF9261400EB4B53 /* AuthCoordinator.swift */ = {isa = PBXFileReference; lastKnownFileType = sourcecode.swift; path = AuthCoordinator.swift; sourceTree = "<group>"; };
		2FEB76F42AFCE24700EB4B53 /* RegistrationView.swift */ = {isa = PBXFileReference; fileEncoding = 4; lastKnownFileType = sourcecode.swift; path = RegistrationView.swift; sourceTree = "<group>"; };
		2FEB76F52AFCE24700EB4B53 /* RegistrationAssembly.swift */ = {isa = PBXFileReference; fileEncoding = 4; lastKnownFileType = sourcecode.swift; path = RegistrationAssembly.swift; sourceTree = "<group>"; };
		2FEB76F72AFCE24700EB4B53 /* RegistrationDataProvider.swift */ = {isa = PBXFileReference; fileEncoding = 4; lastKnownFileType = sourcecode.swift; path = RegistrationDataProvider.swift; sourceTree = "<group>"; };
		2FEB76F82AFCE24700EB4B53 /* RegistrationViewController.swift */ = {isa = PBXFileReference; fileEncoding = 4; lastKnownFileType = sourcecode.swift; path = RegistrationViewController.swift; sourceTree = "<group>"; };
		2FEB76F92AFCE24700EB4B53 /* RegistrationCoordinator.swift */ = {isa = PBXFileReference; fileEncoding = 4; lastKnownFileType = sourcecode.swift; path = RegistrationCoordinator.swift; sourceTree = "<group>"; };
		2FEB77012AFD12A300EB4B53 /* SplashDataProvider.swift */ = {isa = PBXFileReference; lastKnownFileType = sourcecode.swift; path = SplashDataProvider.swift; sourceTree = "<group>"; };
		2FEB77032AFD12F700EB4B53 /* SplashViewData.swift */ = {isa = PBXFileReference; lastKnownFileType = sourcecode.swift; path = SplashViewData.swift; sourceTree = "<group>"; };
		2FEB77052AFD131000EB4B53 /* SplashAssembly.swift */ = {isa = PBXFileReference; lastKnownFileType = sourcecode.swift; path = SplashAssembly.swift; sourceTree = "<group>"; };
		2FEB77072AFD132700EB4B53 /* SplashView.swift */ = {isa = PBXFileReference; lastKnownFileType = sourcecode.swift; path = SplashView.swift; sourceTree = "<group>"; };
		2FEB77092AFD136400EB4B53 /* SplashViewController.swift */ = {isa = PBXFileReference; lastKnownFileType = sourcecode.swift; path = SplashViewController.swift; sourceTree = "<group>"; };
		2FEB770B2AFD141900EB4B53 /* SplashCoordinator.swift */ = {isa = PBXFileReference; lastKnownFileType = sourcecode.swift; path = SplashCoordinator.swift; sourceTree = "<group>"; };
		2FEB770D2AFE650F00EB4B53 /* RegistrationViewData.swift */ = {isa = PBXFileReference; lastKnownFileType = sourcecode.swift; path = RegistrationViewData.swift; sourceTree = "<group>"; };
/* End PBXFileReference section */

/* Begin PBXFrameworksBuildPhase section */
		2F3BD8612AE119CD0044F4DD /* Frameworks */ = {
			isa = PBXFrameworksBuildPhase;
			buildActionMask = 2147483647;
			files = (
			);
			runOnlyForDeploymentPostprocessing = 0;
		};
/* End PBXFrameworksBuildPhase section */

/* Begin PBXGroup section */
		2F3BD85B2AE119CD0044F4DD = {
			isa = PBXGroup;
			children = (
				2F3BD8662AE119CD0044F4DD /* iosSchoolHH */,
				2F3BD8652AE119CD0044F4DD /* Products */,
			);
			sourceTree = "<group>";
		};
		2F3BD8652AE119CD0044F4DD /* Products */ = {
			isa = PBXGroup;
			children = (
				2F3BD8642AE119CD0044F4DD /* iosSchoolHH.app */,
			);
			name = Products;
			sourceTree = "<group>";
		};
		2F3BD8662AE119CD0044F4DD /* iosSchoolHH */ = {
			isa = PBXGroup;
			children = (
				2FEB76D42AF9223400EB4B53 /* Modules */,
				2F3BD8672AE119CD0044F4DD /* AppDelegate.swift */,
				2F6152732AEAA5CB00FCC073 /* Assembly.swift */,
				2F61525C2AE69BDD00FCC073 /* ColorGenerator.swift */,
				2FEB76D02AF9185000EB4B53 /* BaseCoordinator.swift */,
				2FEB76D22AF9194200EB4B53 /* AppCoordinator.swift */,
				2F3BD8692AE119CD0044F4DD /* SceneDelegate.swift */,
				2F3BD86B2AE119CD0044F4DD /* ViewController.swift */,
				2F61526A2AE7629400FCC073 /* Models */,
				2F3BD8702AE119CF0044F4DD /* Assets.xcassets */,
				2F3BD8722AE119CF0044F4DD /* LaunchScreen.storyboard */,
				2F3BD8752AE119CF0044F4DD /* Info.plist */,
			);
			path = iosSchoolHH;
			sourceTree = "<group>";
		};
		2F61526A2AE7629400FCC073 /* Models */ = {
			isa = PBXGroup;
			children = (
				2F61526B2AE7629400FCC073 /* Location.swift */,
				2F61526C2AE7629400FCC073 /* CharacterGenerator.swift */,
				2F61526D2AE7629400FCC073 /* Character.swift */,
				2F61526E2AE7629400FCC073 /* LocationsList.swift */,
			);
			path = Models;
			sourceTree = "<group>";
		};
		2FEB76D42AF9223400EB4B53 /* Modules */ = {
			isa = PBXGroup;
			children = (
				2FEB77002AFD128200EB4B53 /* Splash */,
				2FEB76F32AFCE24700EB4B53 /* Registration */,
				2FEB76D52AF9225800EB4B53 /* Auth */,
			);
			path = Modules;
			sourceTree = "<group>";
		};
		2FEB76D52AF9225800EB4B53 /* Auth */ = {
			isa = PBXGroup;
			children = (
				2FEB76D82AF9231900EB4B53 /* AuthView.swift */,
				2FEB76DA2AF9233E00EB4B53 /* AuthViewController.swift */,
				2FEB76DC2AF9242C00EB4B53 /* AuthViewData.swift */,
				2FEB76E02AF9249900EB4B53 /* AuthAssembly.swift */,
				2FEB76DE2AF9245700EB4B53 /* AuthDataProvider.swift */,
				2FEB76E22AF9261400EB4B53 /* AuthCoordinator.swift */,
			);
			path = Auth;
			sourceTree = "<group>";
		};
		2FEB76F32AFCE24700EB4B53 /* Registration */ = {
			isa = PBXGroup;
			children = (
				2FEB76F42AFCE24700EB4B53 /* RegistrationView.swift */,
				2FEB76F82AFCE24700EB4B53 /* RegistrationViewController.swift */,
				2FEB770D2AFE650F00EB4B53 /* RegistrationViewData.swift */,
				2FEB76F52AFCE24700EB4B53 /* RegistrationAssembly.swift */,
				2FEB76F72AFCE24700EB4B53 /* RegistrationDataProvider.swift */,
				2FEB76F92AFCE24700EB4B53 /* RegistrationCoordinator.swift */,
			);
			path = Registration;
			sourceTree = "<group>";
		};
		2FEB77002AFD128200EB4B53 /* Splash */ = {
			isa = PBXGroup;
			children = (
				2FEB77072AFD132700EB4B53 /* SplashView.swift */,
				2FEB77092AFD136400EB4B53 /* SplashViewController.swift */,
				2FEB77032AFD12F700EB4B53 /* SplashViewData.swift */,
				2FEB77052AFD131000EB4B53 /* SplashAssembly.swift */,
				2FEB77012AFD12A300EB4B53 /* SplashDataProvider.swift */,
				2FEB770B2AFD141900EB4B53 /* SplashCoordinator.swift */,
			);
			path = Splash;
			sourceTree = "<group>";
		};
/* End PBXGroup section */

/* Begin PBXNativeTarget section */
		2F3BD8632AE119CD0044F4DD /* iosSchoolHH */ = {
			isa = PBXNativeTarget;
			buildConfigurationList = 2F3BD8782AE119CF0044F4DD /* Build configuration list for PBXNativeTarget "iosSchoolHH" */;
			buildPhases = (
				2F3BD8602AE119CD0044F4DD /* Sources */,
				2F3BD8612AE119CD0044F4DD /* Frameworks */,
				2F3BD8622AE119CD0044F4DD /* Resources */,
				2F61525E2AE6AB0F00FCC073 /* SwiftLint */,
			);
			buildRules = (
			);
			dependencies = (
			);
			name = iosSchoolHH;
			productName = iosSchoolHH;
			productReference = 2F3BD8642AE119CD0044F4DD /* iosSchoolHH.app */;
			productType = "com.apple.product-type.application";
		};
/* End PBXNativeTarget section */

/* Begin PBXProject section */
		2F3BD85C2AE119CD0044F4DD /* Project object */ = {
			isa = PBXProject;
			attributes = {
				BuildIndependentTargetsInParallel = 1;
				LastSwiftUpdateCheck = 1430;
				LastUpgradeCheck = 1430;
				TargetAttributes = {
					2F3BD8632AE119CD0044F4DD = {
						CreatedOnToolsVersion = 14.3.1;
					};
				};
			};
			buildConfigurationList = 2F3BD85F2AE119CD0044F4DD /* Build configuration list for PBXProject "iosSchoolHH" */;
			compatibilityVersion = "Xcode 14.0";
			developmentRegion = en;
			hasScannedForEncodings = 0;
			knownRegions = (
				en,
				Base,
			);
			mainGroup = 2F3BD85B2AE119CD0044F4DD;
			productRefGroup = 2F3BD8652AE119CD0044F4DD /* Products */;
			projectDirPath = "";
			projectRoot = "";
			targets = (
				2F3BD8632AE119CD0044F4DD /* iosSchoolHH */,
			);
		};
/* End PBXProject section */

/* Begin PBXResourcesBuildPhase section */
		2F3BD8622AE119CD0044F4DD /* Resources */ = {
			isa = PBXResourcesBuildPhase;
			buildActionMask = 2147483647;
			files = (
				2F3BD8742AE119CF0044F4DD /* LaunchScreen.storyboard in Resources */,
				2F3BD8712AE119CF0044F4DD /* Assets.xcassets in Resources */,
			);
			runOnlyForDeploymentPostprocessing = 0;
		};
/* End PBXResourcesBuildPhase section */

/* Begin PBXShellScriptBuildPhase section */
		2F61525E2AE6AB0F00FCC073 /* SwiftLint */ = {
			isa = PBXShellScriptBuildPhase;
			alwaysOutOfDate = 1;
			buildActionMask = 2147483647;
			files = (
			);
			inputFileListPaths = (
			);
			inputPaths = (
			);
			name = SwiftLint;
			outputFileListPaths = (
			);
			outputPaths = (
			);
			runOnlyForDeploymentPostprocessing = 0;
			shellPath = /bin/sh;
			shellScript = "export PATH=\"$PATH:/opt/homebrew/bin\"\nif which swiftlint > /dev/null; then\n  swiftlint\nelse\n  echo \"warning: SwiftLint not installed\"\nfi\n";
			showEnvVarsInLog = 0;
		};
/* End PBXShellScriptBuildPhase section */

/* Begin PBXSourcesBuildPhase section */
		2F3BD8602AE119CD0044F4DD /* Sources */ = {
			isa = PBXSourcesBuildPhase;
			buildActionMask = 2147483647;
			files = (
				2FEB76D32AF9194200EB4B53 /* AppCoordinator.swift in Sources */,
				2F3BD86C2AE119CD0044F4DD /* ViewController.swift in Sources */,
				2FEB76DF2AF9245700EB4B53 /* AuthDataProvider.swift in Sources */,
				2FEB76FF2AFCE24700EB4B53 /* RegistrationCoordinator.swift in Sources */,
				2FEB76FA2AFCE24700EB4B53 /* RegistrationView.swift in Sources */,
				2FEB76D92AF9231A00EB4B53 /* AuthView.swift in Sources */,
				2FEB76FB2AFCE24700EB4B53 /* RegistrationAssembly.swift in Sources */,
				2FEB76E32AF9261400EB4B53 /* AuthCoordinator.swift in Sources */,
				2F61525D2AE69BDD00FCC073 /* ColorGenerator.swift in Sources */,
				2F6152712AE7629400FCC073 /* Character.swift in Sources */,
				2FEB76FD2AFCE24700EB4B53 /* RegistrationDataProvider.swift in Sources */,
				2F61526F2AE7629400FCC073 /* Location.swift in Sources */,
				2F6152702AE7629400FCC073 /* CharacterGenerator.swift in Sources */,
				2FEB76D12AF9185000EB4B53 /* BaseCoordinator.swift in Sources */,
				2FEB76DD2AF9242C00EB4B53 /* AuthViewData.swift in Sources */,
				2FEB77022AFD12A300EB4B53 /* SplashDataProvider.swift in Sources */,
				2FEB76FE2AFCE24700EB4B53 /* RegistrationViewController.swift in Sources */,
				2FEB76DB2AF9233E00EB4B53 /* AuthViewController.swift in Sources */,
				2F3BD8682AE119CD0044F4DD /* AppDelegate.swift in Sources */,
				2F6152742AEAA5CB00FCC073 /* Assembly.swift in Sources */,
				2F6152722AE7629400FCC073 /* LocationsList.swift in Sources */,
				2F3BD86A2AE119CD0044F4DD /* SceneDelegate.swift in Sources */,
				2FEB76E12AF9249900EB4B53 /* AuthAssembly.swift in Sources */,
				2FEB77062AFD131000EB4B53 /* SplashAssembly.swift in Sources */,
				2FEB770E2AFE650F00EB4B53 /* RegistrationViewData.swift in Sources */,
				2FEB77042AFD12F700EB4B53 /* SplashViewData.swift in Sources */,
				2FEB770C2AFD141900EB4B53 /* SplashCoordinator.swift in Sources */,
				2FEB77082AFD132700EB4B53 /* SplashView.swift in Sources */,
				2FEB770A2AFD136400EB4B53 /* SplashViewController.swift in Sources */,
			);
			runOnlyForDeploymentPostprocessing = 0;
		};
/* End PBXSourcesBuildPhase section */

/* Begin PBXVariantGroup section */
		2F3BD8722AE119CF0044F4DD /* LaunchScreen.storyboard */ = {
			isa = PBXVariantGroup;
			children = (
				2F3BD8732AE119CF0044F4DD /* Base */,
			);
			name = LaunchScreen.storyboard;
			sourceTree = "<group>";
		};
/* End PBXVariantGroup section */

/* Begin XCBuildConfiguration section */
		2F3BD8762AE119CF0044F4DD /* Debug */ = {
			isa = XCBuildConfiguration;
			buildSettings = {
				ALWAYS_SEARCH_USER_PATHS = NO;
				CLANG_ANALYZER_NONNULL = YES;
				CLANG_ANALYZER_NUMBER_OBJECT_CONVERSION = YES_AGGRESSIVE;
				CLANG_CXX_LANGUAGE_STANDARD = "gnu++20";
				CLANG_ENABLE_MODULES = YES;
				CLANG_ENABLE_OBJC_ARC = YES;
				CLANG_ENABLE_OBJC_WEAK = YES;
				CLANG_WARN_BLOCK_CAPTURE_AUTORELEASING = YES;
				CLANG_WARN_BOOL_CONVERSION = YES;
				CLANG_WARN_COMMA = YES;
				CLANG_WARN_CONSTANT_CONVERSION = YES;
				CLANG_WARN_DEPRECATED_OBJC_IMPLEMENTATIONS = YES;
				CLANG_WARN_DIRECT_OBJC_ISA_USAGE = YES_ERROR;
				CLANG_WARN_DOCUMENTATION_COMMENTS = YES;
				CLANG_WARN_EMPTY_BODY = YES;
				CLANG_WARN_ENUM_CONVERSION = YES;
				CLANG_WARN_INFINITE_RECURSION = YES;
				CLANG_WARN_INT_CONVERSION = YES;
				CLANG_WARN_NON_LITERAL_NULL_CONVERSION = YES;
				CLANG_WARN_OBJC_IMPLICIT_RETAIN_SELF = YES;
				CLANG_WARN_OBJC_LITERAL_CONVERSION = YES;
				CLANG_WARN_OBJC_ROOT_CLASS = YES_ERROR;
				CLANG_WARN_QUOTED_INCLUDE_IN_FRAMEWORK_HEADER = YES;
				CLANG_WARN_RANGE_LOOP_ANALYSIS = YES;
				CLANG_WARN_STRICT_PROTOTYPES = YES;
				CLANG_WARN_SUSPICIOUS_MOVE = YES;
				CLANG_WARN_UNGUARDED_AVAILABILITY = YES_AGGRESSIVE;
				CLANG_WARN_UNREACHABLE_CODE = YES;
				CLANG_WARN__DUPLICATE_METHOD_MATCH = YES;
				COPY_PHASE_STRIP = NO;
				DEBUG_INFORMATION_FORMAT = dwarf;
				ENABLE_STRICT_OBJC_MSGSEND = YES;
				ENABLE_TESTABILITY = YES;
				GCC_C_LANGUAGE_STANDARD = gnu11;
				GCC_DYNAMIC_NO_PIC = NO;
				GCC_NO_COMMON_BLOCKS = YES;
				GCC_OPTIMIZATION_LEVEL = 0;
				GCC_PREPROCESSOR_DEFINITIONS = (
					"DEBUG=1",
					"$(inherited)",
				);
				GCC_WARN_64_TO_32_BIT_CONVERSION = YES;
				GCC_WARN_ABOUT_RETURN_TYPE = YES_ERROR;
				GCC_WARN_UNDECLARED_SELECTOR = YES;
				GCC_WARN_UNINITIALIZED_AUTOS = YES_AGGRESSIVE;
				GCC_WARN_UNUSED_FUNCTION = YES;
				GCC_WARN_UNUSED_VARIABLE = YES;
				IPHONEOS_DEPLOYMENT_TARGET = 16.4;
				MTL_ENABLE_DEBUG_INFO = INCLUDE_SOURCE;
				MTL_FAST_MATH = YES;
				ONLY_ACTIVE_ARCH = YES;
				SDKROOT = iphoneos;
				SWIFT_ACTIVE_COMPILATION_CONDITIONS = DEBUG;
				SWIFT_OPTIMIZATION_LEVEL = "-Onone";
			};
			name = Debug;
		};
		2F3BD8772AE119CF0044F4DD /* Release */ = {
			isa = XCBuildConfiguration;
			buildSettings = {
				ALWAYS_SEARCH_USER_PATHS = NO;
				CLANG_ANALYZER_NONNULL = YES;
				CLANG_ANALYZER_NUMBER_OBJECT_CONVERSION = YES_AGGRESSIVE;
				CLANG_CXX_LANGUAGE_STANDARD = "gnu++20";
				CLANG_ENABLE_MODULES = YES;
				CLANG_ENABLE_OBJC_ARC = YES;
				CLANG_ENABLE_OBJC_WEAK = YES;
				CLANG_WARN_BLOCK_CAPTURE_AUTORELEASING = YES;
				CLANG_WARN_BOOL_CONVERSION = YES;
				CLANG_WARN_COMMA = YES;
				CLANG_WARN_CONSTANT_CONVERSION = YES;
				CLANG_WARN_DEPRECATED_OBJC_IMPLEMENTATIONS = YES;
				CLANG_WARN_DIRECT_OBJC_ISA_USAGE = YES_ERROR;
				CLANG_WARN_DOCUMENTATION_COMMENTS = YES;
				CLANG_WARN_EMPTY_BODY = YES;
				CLANG_WARN_ENUM_CONVERSION = YES;
				CLANG_WARN_INFINITE_RECURSION = YES;
				CLANG_WARN_INT_CONVERSION = YES;
				CLANG_WARN_NON_LITERAL_NULL_CONVERSION = YES;
				CLANG_WARN_OBJC_IMPLICIT_RETAIN_SELF = YES;
				CLANG_WARN_OBJC_LITERAL_CONVERSION = YES;
				CLANG_WARN_OBJC_ROOT_CLASS = YES_ERROR;
				CLANG_WARN_QUOTED_INCLUDE_IN_FRAMEWORK_HEADER = YES;
				CLANG_WARN_RANGE_LOOP_ANALYSIS = YES;
				CLANG_WARN_STRICT_PROTOTYPES = YES;
				CLANG_WARN_SUSPICIOUS_MOVE = YES;
				CLANG_WARN_UNGUARDED_AVAILABILITY = YES_AGGRESSIVE;
				CLANG_WARN_UNREACHABLE_CODE = YES;
				CLANG_WARN__DUPLICATE_METHOD_MATCH = YES;
				COPY_PHASE_STRIP = NO;
				DEBUG_INFORMATION_FORMAT = "dwarf-with-dsym";
				ENABLE_NS_ASSERTIONS = NO;
				ENABLE_STRICT_OBJC_MSGSEND = YES;
				GCC_C_LANGUAGE_STANDARD = gnu11;
				GCC_NO_COMMON_BLOCKS = YES;
				GCC_WARN_64_TO_32_BIT_CONVERSION = YES;
				GCC_WARN_ABOUT_RETURN_TYPE = YES_ERROR;
				GCC_WARN_UNDECLARED_SELECTOR = YES;
				GCC_WARN_UNINITIALIZED_AUTOS = YES_AGGRESSIVE;
				GCC_WARN_UNUSED_FUNCTION = YES;
				GCC_WARN_UNUSED_VARIABLE = YES;
				IPHONEOS_DEPLOYMENT_TARGET = 16.4;
				MTL_ENABLE_DEBUG_INFO = NO;
				MTL_FAST_MATH = YES;
				SDKROOT = iphoneos;
				SWIFT_COMPILATION_MODE = wholemodule;
				SWIFT_OPTIMIZATION_LEVEL = "-O";
				VALIDATE_PRODUCT = YES;
			};
			name = Release;
		};
		2F3BD8792AE119CF0044F4DD /* Debug */ = {
			isa = XCBuildConfiguration;
			buildSettings = {
				ASSETCATALOG_COMPILER_APPICON_NAME = AppIcon;
				ASSETCATALOG_COMPILER_GLOBAL_ACCENT_COLOR_NAME = AccentColor;
				CODE_SIGN_STYLE = Automatic;
				CURRENT_PROJECT_VERSION = 1;
				DEVELOPMENT_TEAM = 5DFZ35D897;
				GENERATE_INFOPLIST_FILE = YES;
				INFOPLIST_FILE = iosSchoolHH/Info.plist;
				INFOPLIST_KEY_UIApplicationSupportsIndirectInputEvents = YES;
				INFOPLIST_KEY_UILaunchStoryboardName = LaunchScreen;
				INFOPLIST_KEY_UISupportedInterfaceOrientations_iPad = "UIInterfaceOrientationPortrait UIInterfaceOrientationPortraitUpsideDown UIInterfaceOrientationLandscapeLeft UIInterfaceOrientationLandscapeRight";
				INFOPLIST_KEY_UISupportedInterfaceOrientations_iPhone = "UIInterfaceOrientationPortrait UIInterfaceOrientationLandscapeLeft UIInterfaceOrientationLandscapeRight";
				LD_RUNPATH_SEARCH_PATHS = (
					"$(inherited)",
					"@executable_path/Frameworks",
				);
				MARKETING_VERSION = 1.0;
				PRODUCT_BUNDLE_IDENTIFIER = ru.KolAr.iosSchoolHH;
				PRODUCT_NAME = "$(TARGET_NAME)";
				SWIFT_EMIT_LOC_STRINGS = YES;
				SWIFT_VERSION = 5.0;
				TARGETED_DEVICE_FAMILY = "1,2";
			};
			name = Debug;
		};
		2F3BD87A2AE119CF0044F4DD /* Release */ = {
			isa = XCBuildConfiguration;
			buildSettings = {
				ASSETCATALOG_COMPILER_APPICON_NAME = AppIcon;
				ASSETCATALOG_COMPILER_GLOBAL_ACCENT_COLOR_NAME = AccentColor;
				CODE_SIGN_STYLE = Automatic;
				CURRENT_PROJECT_VERSION = 1;
				DEVELOPMENT_TEAM = 5DFZ35D897;
				GENERATE_INFOPLIST_FILE = YES;
				INFOPLIST_FILE = iosSchoolHH/Info.plist;
				INFOPLIST_KEY_UIApplicationSupportsIndirectInputEvents = YES;
				INFOPLIST_KEY_UILaunchStoryboardName = LaunchScreen;
				INFOPLIST_KEY_UISupportedInterfaceOrientations_iPad = "UIInterfaceOrientationPortrait UIInterfaceOrientationPortraitUpsideDown UIInterfaceOrientationLandscapeLeft UIInterfaceOrientationLandscapeRight";
				INFOPLIST_KEY_UISupportedInterfaceOrientations_iPhone = "UIInterfaceOrientationPortrait UIInterfaceOrientationLandscapeLeft UIInterfaceOrientationLandscapeRight";
				LD_RUNPATH_SEARCH_PATHS = (
					"$(inherited)",
					"@executable_path/Frameworks",
				);
				MARKETING_VERSION = 1.0;
				PRODUCT_BUNDLE_IDENTIFIER = ru.KolAr.iosSchoolHH;
				PRODUCT_NAME = "$(TARGET_NAME)";
				SWIFT_EMIT_LOC_STRINGS = YES;
				SWIFT_VERSION = 5.0;
				TARGETED_DEVICE_FAMILY = "1,2";
			};
			name = Release;
		};
/* End XCBuildConfiguration section */

/* Begin XCConfigurationList section */
		2F3BD85F2AE119CD0044F4DD /* Build configuration list for PBXProject "iosSchoolHH" */ = {
			isa = XCConfigurationList;
			buildConfigurations = (
				2F3BD8762AE119CF0044F4DD /* Debug */,
				2F3BD8772AE119CF0044F4DD /* Release */,
			);
			defaultConfigurationIsVisible = 0;
			defaultConfigurationName = Release;
		};
		2F3BD8782AE119CF0044F4DD /* Build configuration list for PBXNativeTarget "iosSchoolHH" */ = {
			isa = XCConfigurationList;
			buildConfigurations = (
				2F3BD8792AE119CF0044F4DD /* Debug */,
				2F3BD87A2AE119CF0044F4DD /* Release */,
			);
			defaultConfigurationIsVisible = 0;
			defaultConfigurationName = Release;
		};
/* End XCConfigurationList section */
	};
	rootObject = 2F3BD85C2AE119CD0044F4DD /* Project object */;
}
