// !$*UTF8*$!
{
	archiveVersion = 1;
	classes = {
	};
	objectVersion = 56;
	objects = {

/* Begin PBXBuildFile section */
		2F21B3AB2B0F88B1001BCB65 /* RootTab.swift in Sources */ = {isa = PBXBuildFile; fileRef = 2F21B3AA2B0F88B1001BCB65 /* RootTab.swift */; };
		2F21B3AE2B0F896F001BCB65 /* BaseNavigationController.swift in Sources */ = {isa = PBXBuildFile; fileRef = 2F21B3AD2B0F896F001BCB65 /* BaseNavigationController.swift */; };
		2F3BD8682AE119CD0044F4DD /* AppDelegate.swift in Sources */ = {isa = PBXBuildFile; fileRef = 2F3BD8672AE119CD0044F4DD /* AppDelegate.swift */; };
		2F3BD86A2AE119CD0044F4DD /* SceneDelegate.swift in Sources */ = {isa = PBXBuildFile; fileRef = 2F3BD8692AE119CD0044F4DD /* SceneDelegate.swift */; };
		2F3BD8712AE119CF0044F4DD /* Assets.xcassets in Resources */ = {isa = PBXBuildFile; fileRef = 2F3BD8702AE119CF0044F4DD /* Assets.xcassets */; };
		2F3BD8742AE119CF0044F4DD /* LaunchScreen.storyboard in Resources */ = {isa = PBXBuildFile; fileRef = 2F3BD8722AE119CF0044F4DD /* LaunchScreen.storyboard */; };
		2F4D70192B0FA7F1001133B9 /* TabBarController.swift in Sources */ = {isa = PBXBuildFile; fileRef = 2F4D70182B0FA7F1001133B9 /* TabBarController.swift */; };
		2F531D182B05182E009477A3 /* CharacterApiClient.swift in Sources */ = {isa = PBXBuildFile; fileRef = 2F531D172B05182E009477A3 /* CharacterApiClient.swift */; };
		2F531D1A2B05183F009477A3 /* CharacterAssembly.swift in Sources */ = {isa = PBXBuildFile; fileRef = 2F531D192B05183F009477A3 /* CharacterAssembly.swift */; };
		2F531D1C2B051846009477A3 /* CharacterDataProvider.swift in Sources */ = {isa = PBXBuildFile; fileRef = 2F531D1B2B051846009477A3 /* CharacterDataProvider.swift */; };
		2F531D1E2B05184D009477A3 /* CharacterViewController.swift in Sources */ = {isa = PBXBuildFile; fileRef = 2F531D1D2B05184D009477A3 /* CharacterViewController.swift */; };
		2F531D202B051858009477A3 /* LocationAssembly.swift in Sources */ = {isa = PBXBuildFile; fileRef = 2F531D1F2B051858009477A3 /* LocationAssembly.swift */; };
		2F531D222B051864009477A3 /* LocationCoordinator.swift in Sources */ = {isa = PBXBuildFile; fileRef = 2F531D212B051864009477A3 /* LocationCoordinator.swift */; };
		2F531D282B0640CD009477A3 /* BaseViewController.swift in Sources */ = {isa = PBXBuildFile; fileRef = 2F531D272B0640CD009477A3 /* BaseViewController.swift */; };
		2F531D2B2B0642EE009477A3 /* AuthViewImp.xib in Resources */ = {isa = PBXBuildFile; fileRef = 2F531D2A2B0642EE009477A3 /* AuthViewImp.xib */; };
		2F531D2E2B0672EE009477A3 /* RegistrationViewImp.xib in Resources */ = {isa = PBXBuildFile; fileRef = 2F531D2D2B0672EE009477A3 /* RegistrationViewImp.xib */; };
		2F61526F2AE7629400FCC073 /* Location.swift in Sources */ = {isa = PBXBuildFile; fileRef = 2F61526B2AE7629400FCC073 /* Location.swift */; };
		2F6152712AE7629400FCC073 /* Character.swift in Sources */ = {isa = PBXBuildFile; fileRef = 2F61526D2AE7629400FCC073 /* Character.swift */; };
		2F6152722AE7629400FCC073 /* LocationsList.swift in Sources */ = {isa = PBXBuildFile; fileRef = 2F61526E2AE7629400FCC073 /* LocationsList.swift */; };
		2F6152742AEAA5CB00FCC073 /* Assembly.swift in Sources */ = {isa = PBXBuildFile; fileRef = 2F6152732AEAA5CB00FCC073 /* Assembly.swift */; };
		2FB23E4C2B0FABDA0073ABFC /* SPIndicator in Frameworks */ = {isa = PBXBuildFile; productRef = 2FB23E4B2B0FABDA0073ABFC /* SPIndicator */; };
		2FB23E4E2B0FABDD0073ABFC /* PKHUD in Frameworks */ = {isa = PBXBuildFile; productRef = 2FB23E4D2B0FABDD0073ABFC /* PKHUD */; };
		2FB23E512B0FAF460073ABFC /* SplashViewImp.xib in Resources */ = {isa = PBXBuildFile; fileRef = 2FB23E502B0FAF460073ABFC /* SplashViewImp.xib */; };
		2FB23E7C2B14C25C0073ABFC /* LocationView.swift in Sources */ = {isa = PBXBuildFile; fileRef = 2FB23E7B2B14C25C0073ABFC /* LocationView.swift */; };
		2FB23E7E2B14D1850073ABFC /* LocationViewData.swift in Sources */ = {isa = PBXBuildFile; fileRef = 2FB23E7D2B14D1850073ABFC /* LocationViewData.swift */; };
		2FB23E822B14D1FB0073ABFC /* LocationCell.swift in Sources */ = {isa = PBXBuildFile; fileRef = 2FB23E802B14D1FB0073ABFC /* LocationCell.swift */; };
		2FB23E832B14D1FB0073ABFC /* LocationCell.xib in Resources */ = {isa = PBXBuildFile; fileRef = 2FB23E812B14D1FB0073ABFC /* LocationCell.xib */; };
		2FB23E852B14D4D80073ABFC /* LocationCellData.swift in Sources */ = {isa = PBXBuildFile; fileRef = 2FB23E842B14D4D80073ABFC /* LocationCellData.swift */; };
		2FB23E882B14D7B00073ABFC /* NSObject+ClassName.swift in Sources */ = {isa = PBXBuildFile; fileRef = 2FB23E872B14D7B00073ABFC /* NSObject+ClassName.swift */; };
		2FB23E8A2B1519B40073ABFC /* String+capitalizing.swift in Sources */ = {isa = PBXBuildFile; fileRef = 2FB23E892B1519B40073ABFC /* String+capitalizing.swift */; };
		2FB23E8C2B1519FE0073ABFC /* CommonError.swift in Sources */ = {isa = PBXBuildFile; fileRef = 2FB23E8B2B1519FE0073ABFC /* CommonError.swift */; };
		2FB23E952B18CC6C0073ABFC /* ImageService.swift in Sources */ = {isa = PBXBuildFile; fileRef = 2FB23E942B18CC6C0073ABFC /* ImageService.swift */; };
		2FB23EA72B1E014B0073ABFC /* KeychainAccess in Frameworks */ = {isa = PBXBuildFile; productRef = 2FB23EA62B1E014B0073ABFC /* KeychainAccess */; };
		2FB23EA92B1E01940073ABFC /* StorageManager.swift in Sources */ = {isa = PBXBuildFile; fileRef = 2FB23EA82B1E01940073ABFC /* StorageManager.swift */; };
		2FB23EAB2B1E39640073ABFC /* Date+dateFormatter.swift in Sources */ = {isa = PBXBuildFile; fileRef = 2FB23EAA2B1E39640073ABFC /* Date+dateFormatter.swift */; };
		2FB23EDD2B21F3F40073ABFC /* CoreNibReusable.swift in Sources */ = {isa = PBXBuildFile; fileRef = 2FB23EDC2B21F3F40073ABFC /* CoreNibReusable.swift */; };
		2FB23EDF2B21F43C0073ABFC /* CoreCellInputData.swift in Sources */ = {isa = PBXBuildFile; fileRef = 2FB23EDE2B21F43C0073ABFC /* CoreCellInputData.swift */; };
		2FB23EE12B21F4930073ABFC /* CoreCellView.swift in Sources */ = {isa = PBXBuildFile; fileRef = 2FB23EE02B21F4930073ABFC /* CoreCellView.swift */; };
		2FB23EE32B21F5570073ABFC /* CoreReusableView.swift in Sources */ = {isa = PBXBuildFile; fileRef = 2FB23EE22B21F5570073ABFC /* CoreReusableView.swift */; };
		2FB23EE52B21F6E00073ABFC /* EmptyReusableView.swift in Sources */ = {isa = PBXBuildFile; fileRef = 2FB23EE42B21F6E00073ABFC /* EmptyReusableView.swift */; };
		2FB23EE72B21FB420073ABFC /* CoreSection.swift in Sources */ = {isa = PBXBuildFile; fileRef = 2FB23EE62B21FB420073ABFC /* CoreSection.swift */; };
		2FB23EE92B21FCCE0073ABFC /* Section.swift in Sources */ = {isa = PBXBuildFile; fileRef = 2FB23EE82B21FCCD0073ABFC /* Section.swift */; };
		2FB23EEB2B21FD690073ABFC /* UICollectionView+Registrate.swift in Sources */ = {isa = PBXBuildFile; fileRef = 2FB23EEA2B21FD690073ABFC /* UICollectionView+Registrate.swift */; };
		2FB23EED2B21FF920073ABFC /* CharacterView.swift in Sources */ = {isa = PBXBuildFile; fileRef = 2FB23EEC2B21FF920073ABFC /* CharacterView.swift */; };
		2FB23EEF2B2203F30073ABFC /* CharacterViewData.swift in Sources */ = {isa = PBXBuildFile; fileRef = 2FB23EEE2B2203F30073ABFC /* CharacterViewData.swift */; };
		2FB23EF32B2204390073ABFC /* CharacterCell.swift in Sources */ = {isa = PBXBuildFile; fileRef = 2FB23EF12B2204390073ABFC /* CharacterCell.swift */; };
		2FB23EF42B2204390073ABFC /* CharacterCell.xib in Resources */ = {isa = PBXBuildFile; fileRef = 2FB23EF22B2204390073ABFC /* CharacterCell.xib */; };
		2FB23EF62B2204CB0073ABFC /* CharacterCellData.swift in Sources */ = {isa = PBXBuildFile; fileRef = 2FB23EF52B2204CB0073ABFC /* CharacterCellData.swift */; };
		2FE275952B2ADEF000EB5D39 /* PersonAssembly.swift in Sources */ = {isa = PBXBuildFile; fileRef = 2FE275942B2ADEF000EB5D39 /* PersonAssembly.swift */; };
		2FE275972B2ADEFF00EB5D39 /* PersonDataProvider.swift in Sources */ = {isa = PBXBuildFile; fileRef = 2FE275962B2ADEFF00EB5D39 /* PersonDataProvider.swift */; };
		2FE275992B2ADF0B00EB5D39 /* PersonViewController.swift in Sources */ = {isa = PBXBuildFile; fileRef = 2FE275982B2ADF0A00EB5D39 /* PersonViewController.swift */; };
		2FE2759B2B2ADF1800EB5D39 /* PersonCoordinator.swift in Sources */ = {isa = PBXBuildFile; fileRef = 2FE2759A2B2ADF1800EB5D39 /* PersonCoordinator.swift */; };
		2FE2759D2B2ADF2300EB5D39 /* PersonView.swift in Sources */ = {isa = PBXBuildFile; fileRef = 2FE2759C2B2ADF2300EB5D39 /* PersonView.swift */; };
		2FE2759F2B2ADF2D00EB5D39 /* PersonViewData.swift in Sources */ = {isa = PBXBuildFile; fileRef = 2FE2759E2B2ADF2D00EB5D39 /* PersonViewData.swift */; };
		2FE275A12B2AE1B100EB5D39 /* PersonPhotoCellData.swift in Sources */ = {isa = PBXBuildFile; fileRef = 2FE275A02B2AE1B100EB5D39 /* PersonPhotoCellData.swift */; };
		2FE275AB2B2B1FB000EB5D39 /* PersonApiClient.swift in Sources */ = {isa = PBXBuildFile; fileRef = 2FE275AA2B2B1FB000EB5D39 /* PersonApiClient.swift */; };
		2FE275AE2B2B30A500EB5D39 /* PersonPhotoCell.swift in Sources */ = {isa = PBXBuildFile; fileRef = 2FE275AC2B2B30A500EB5D39 /* PersonPhotoCell.swift */; };
		2FE275AF2B2B30A500EB5D39 /* PersonPhotoCell.xib in Resources */ = {isa = PBXBuildFile; fileRef = 2FE275AD2B2B30A500EB5D39 /* PersonPhotoCell.xib */; };
		2FE275B22B2B3C0500EB5D39 /* PersonEpisodeCell.swift in Sources */ = {isa = PBXBuildFile; fileRef = 2FE275B02B2B3C0500EB5D39 /* PersonEpisodeCell.swift */; };
		2FE275B32B2B3C0500EB5D39 /* PersonEpisodeCell.xib in Resources */ = {isa = PBXBuildFile; fileRef = 2FE275B12B2B3C0500EB5D39 /* PersonEpisodeCell.xib */; };
		2FE275B52B2B3CD900EB5D39 /* PersonEpisodeCellData.swift in Sources */ = {isa = PBXBuildFile; fileRef = 2FE275B42B2B3CD900EB5D39 /* PersonEpisodeCellData.swift */; };
		2FE275B72B2B428A00EB5D39 /* NSCollectionLayoutSection+SupplementaryItem.swift in Sources */ = {isa = PBXBuildFile; fileRef = 2FE275B62B2B428900EB5D39 /* NSCollectionLayoutSection+SupplementaryItem.swift */; };
		2FE275BA2B2B430500EB5D39 /* PersonHeaderView.swift in Sources */ = {isa = PBXBuildFile; fileRef = 2FE275B82B2B430500EB5D39 /* PersonHeaderView.swift */; };
		2FE275BB2B2B430500EB5D39 /* PersonHeaderView.xib in Resources */ = {isa = PBXBuildFile; fileRef = 2FE275B92B2B430500EB5D39 /* PersonHeaderView.xib */; };
		2FE275BD2B2B438700EB5D39 /* PersonHeaderViewData.swift in Sources */ = {isa = PBXBuildFile; fileRef = 2FE275BC2B2B438700EB5D39 /* PersonHeaderViewData.swift */; };
		2FE275BF2B2B692900EB5D39 /* Episode.swift in Sources */ = {isa = PBXBuildFile; fileRef = 2FE275BE2B2B692900EB5D39 /* Episode.swift */; };
		2FE275C12B2C33C800EB5D39 /* PersonSizeCell.swift in Sources */ = {isa = PBXBuildFile; fileRef = 2FE275C02B2C33C800EB5D39 /* PersonSizeCell.swift */; };
		2FE275F92B2C5FBF00EB5D39 /* ProfileViewData.swift in Sources */ = {isa = PBXBuildFile; fileRef = 2FE275E72B2C5FBF00EB5D39 /* ProfileViewData.swift */; };
		2FE275FA2B2C5FBF00EB5D39 /* ProfileView.swift in Sources */ = {isa = PBXBuildFile; fileRef = 2FE275E82B2C5FBF00EB5D39 /* ProfileView.swift */; };
		2FE275FB2B2C5FBF00EB5D39 /* ProfileCoordinator.swift in Sources */ = {isa = PBXBuildFile; fileRef = 2FE275E92B2C5FBF00EB5D39 /* ProfileCoordinator.swift */; };
		2FE275FC2B2C5FBF00EB5D39 /* ProfileAssembly.swift in Sources */ = {isa = PBXBuildFile; fileRef = 2FE275EA2B2C5FBF00EB5D39 /* ProfileAssembly.swift */; };
		2FE275FD2B2C5FBF00EB5D39 /* ProfileDataProvider.swift in Sources */ = {isa = PBXBuildFile; fileRef = 2FE275EB2B2C5FBF00EB5D39 /* ProfileDataProvider.swift */; };
		2FE276092B2C5FBF00EB5D39 /* ProfileViewController.swift in Sources */ = {isa = PBXBuildFile; fileRef = 2FE275F82B2C5FBF00EB5D39 /* ProfileViewController.swift */; };
		2FE2760B2B2C6D4100EB5D39 /* ProfilePhotoCellData.swift in Sources */ = {isa = PBXBuildFile; fileRef = 2FE2760A2B2C6D4100EB5D39 /* ProfilePhotoCellData.swift */; };
		2FE2760D2B2C6E6700EB5D39 /* ProfileApiClient.swift in Sources */ = {isa = PBXBuildFile; fileRef = 2FE2760C2B2C6E6700EB5D39 /* ProfileApiClient.swift */; };
		2FE2760F2B2C6E9400EB5D39 /* Profile.swift in Sources */ = {isa = PBXBuildFile; fileRef = 2FE2760E2B2C6E9400EB5D39 /* Profile.swift */; };
		2FE276122B2C6F1000EB5D39 /* ProfilePhotoCell.swift in Sources */ = {isa = PBXBuildFile; fileRef = 2FE276102B2C6F1000EB5D39 /* ProfilePhotoCell.swift */; };
		2FE276132B2C6F1000EB5D39 /* ProfilePhotoCell.xib in Resources */ = {isa = PBXBuildFile; fileRef = 2FE276112B2C6F1000EB5D39 /* ProfilePhotoCell.xib */; };
		2FE276152B2C739000EB5D39 /* ProfileSizeCell.swift in Sources */ = {isa = PBXBuildFile; fileRef = 2FE276142B2C739000EB5D39 /* ProfileSizeCell.swift */; };
		2FE276182B2C893100EB5D39 /* ProfileUsernameCell.swift in Sources */ = {isa = PBXBuildFile; fileRef = 2FE276162B2C893100EB5D39 /* ProfileUsernameCell.swift */; };
		2FE276192B2C893100EB5D39 /* ProfileUsernameCell.xib in Resources */ = {isa = PBXBuildFile; fileRef = 2FE276172B2C893100EB5D39 /* ProfileUsernameCell.xib */; };
		2FE2761B2B2CB73C00EB5D39 /* ProfileUsernameCellData.swift in Sources */ = {isa = PBXBuildFile; fileRef = 2FE2761A2B2CB73C00EB5D39 /* ProfileUsernameCellData.swift */; };
		2FE2761E2B2CB9E300EB5D39 /* ProfileDateColorCell.swift in Sources */ = {isa = PBXBuildFile; fileRef = 2FE2761C2B2CB9E300EB5D39 /* ProfileDateColorCell.swift */; };
		2FE2761F2B2CB9E300EB5D39 /* ProfileDateColorCell.xib in Resources */ = {isa = PBXBuildFile; fileRef = 2FE2761D2B2CB9E300EB5D39 /* ProfileDateColorCell.xib */; };
		2FE276212B2CBC3B00EB5D39 /* ProfileDateColorCellData.swift in Sources */ = {isa = PBXBuildFile; fileRef = 2FE276202B2CBC3B00EB5D39 /* ProfileDateColorCellData.swift */; };
		2FE276262B2CC4A000EB5D39 /* ProfileLogoutCell.swift in Sources */ = {isa = PBXBuildFile; fileRef = 2FE276242B2CC4A000EB5D39 /* ProfileLogoutCell.swift */; };
		2FE276272B2CC4A000EB5D39 /* ProfileLogoutCell.xib in Resources */ = {isa = PBXBuildFile; fileRef = 2FE276252B2CC4A000EB5D39 /* ProfileLogoutCell.xib */; };
		2FE2762B2B2CC56400EB5D39 /* ProfileLogoutCellData.swift in Sources */ = {isa = PBXBuildFile; fileRef = 2FE2762A2B2CC56400EB5D39 /* ProfileLogoutCellData.swift */; };
		2FE276422B2F17FB00EB5D39 /* CustomButton.swift in Sources */ = {isa = PBXBuildFile; fileRef = 2FE276412B2F17FB00EB5D39 /* CustomButton.swift */; };
		2FE276442B2F1C2E00EB5D39 /* CustomTextField.swift in Sources */ = {isa = PBXBuildFile; fileRef = 2FE276432B2F1C2E00EB5D39 /* CustomTextField.swift */; };
		2FEB76D12AF9185000EB4B53 /* BaseCoordinator.swift in Sources */ = {isa = PBXBuildFile; fileRef = 2FEB76D02AF9185000EB4B53 /* BaseCoordinator.swift */; };
		2FEB76D32AF9194200EB4B53 /* AppCoordinator.swift in Sources */ = {isa = PBXBuildFile; fileRef = 2FEB76D22AF9194200EB4B53 /* AppCoordinator.swift */; };
		2FEB76D92AF9231A00EB4B53 /* AuthView.swift in Sources */ = {isa = PBXBuildFile; fileRef = 2FEB76D82AF9231900EB4B53 /* AuthView.swift */; };
		2FEB76DB2AF9233E00EB4B53 /* AuthViewController.swift in Sources */ = {isa = PBXBuildFile; fileRef = 2FEB76DA2AF9233E00EB4B53 /* AuthViewController.swift */; };
		2FEB76DF2AF9245700EB4B53 /* AuthDataProvider.swift in Sources */ = {isa = PBXBuildFile; fileRef = 2FEB76DE2AF9245700EB4B53 /* AuthDataProvider.swift */; };
		2FEB76E12AF9249900EB4B53 /* AuthAssembly.swift in Sources */ = {isa = PBXBuildFile; fileRef = 2FEB76E02AF9249900EB4B53 /* AuthAssembly.swift */; };
		2FEB76E32AF9261400EB4B53 /* AuthCoordinator.swift in Sources */ = {isa = PBXBuildFile; fileRef = 2FEB76E22AF9261400EB4B53 /* AuthCoordinator.swift */; };
		2FEB76FA2AFCE24700EB4B53 /* RegistrationView.swift in Sources */ = {isa = PBXBuildFile; fileRef = 2FEB76F42AFCE24700EB4B53 /* RegistrationView.swift */; };
		2FEB76FB2AFCE24700EB4B53 /* RegistrationAssembly.swift in Sources */ = {isa = PBXBuildFile; fileRef = 2FEB76F52AFCE24700EB4B53 /* RegistrationAssembly.swift */; };
		2FEB76FD2AFCE24700EB4B53 /* RegistrationDataProvider.swift in Sources */ = {isa = PBXBuildFile; fileRef = 2FEB76F72AFCE24700EB4B53 /* RegistrationDataProvider.swift */; };
		2FEB76FE2AFCE24700EB4B53 /* RegistrationViewController.swift in Sources */ = {isa = PBXBuildFile; fileRef = 2FEB76F82AFCE24700EB4B53 /* RegistrationViewController.swift */; };
		2FEB76FF2AFCE24700EB4B53 /* RegistrationCoordinator.swift in Sources */ = {isa = PBXBuildFile; fileRef = 2FEB76F92AFCE24700EB4B53 /* RegistrationCoordinator.swift */; };
		2FEB77062AFD131000EB4B53 /* SplashAssembly.swift in Sources */ = {isa = PBXBuildFile; fileRef = 2FEB77052AFD131000EB4B53 /* SplashAssembly.swift */; };
		2FEB77082AFD132700EB4B53 /* SplashView.swift in Sources */ = {isa = PBXBuildFile; fileRef = 2FEB77072AFD132700EB4B53 /* SplashView.swift */; };
		2FEB770A2AFD136400EB4B53 /* SplashViewController.swift in Sources */ = {isa = PBXBuildFile; fileRef = 2FEB77092AFD136400EB4B53 /* SplashViewController.swift */; };
		2FEB770C2AFD141900EB4B53 /* SplashCoordinator.swift in Sources */ = {isa = PBXBuildFile; fileRef = 2FEB770B2AFD141900EB4B53 /* SplashCoordinator.swift */; };
		2FEB77202B025A4100EB4B53 /* TokenResponse.swift in Sources */ = {isa = PBXBuildFile; fileRef = 2FEB771F2B025A4100EB4B53 /* TokenResponse.swift */; };
		2FEB77232B025AF800EB4B53 /* ApiClient.swift in Sources */ = {isa = PBXBuildFile; fileRef = 2FEB77222B025AF800EB4B53 /* ApiClient.swift */; };
		2FEB77252B025B6000EB4B53 /* NetworkConstants.swift in Sources */ = {isa = PBXBuildFile; fileRef = 2FEB77242B025B6000EB4B53 /* NetworkConstants.swift */; };
		2FEB77272B025CBA00EB4B53 /* ApiError.swift in Sources */ = {isa = PBXBuildFile; fileRef = 2FEB77262B025CBA00EB4B53 /* ApiError.swift */; };
		2FEB77292B02601500EB4B53 /* AuthApiClient.swift in Sources */ = {isa = PBXBuildFile; fileRef = 2FEB77282B02601500EB4B53 /* AuthApiClient.swift */; };
		2FEB77322B028DF900EB4B53 /* LocationViewController.swift in Sources */ = {isa = PBXBuildFile; fileRef = 2FEB77302B028DF900EB4B53 /* LocationViewController.swift */; };
		2FEB77332B028DF900EB4B53 /* LocationDataProvider.swift in Sources */ = {isa = PBXBuildFile; fileRef = 2FEB77312B028DF900EB4B53 /* LocationDataProvider.swift */; };
		2FEB77352B028E4700EB4B53 /* LocationApiClient.swift in Sources */ = {isa = PBXBuildFile; fileRef = 2FEB77342B028E4700EB4B53 /* LocationApiClient.swift */; };
		2FEB77462B02A9E400EB4B53 /* RegistrationApiClient.swift in Sources */ = {isa = PBXBuildFile; fileRef = 2FEB77452B02A9E400EB4B53 /* RegistrationApiClient.swift */; };
		2FEB77482B03357E00EB4B53 /* User.swift in Sources */ = {isa = PBXBuildFile; fileRef = 2FEB77472B03357E00EB4B53 /* User.swift */; };
		2FEB774A2B03386900EB4B53 /* CharacterCoordinator.swift in Sources */ = {isa = PBXBuildFile; fileRef = 2FEB77492B03386900EB4B53 /* CharacterCoordinator.swift */; };
/* End PBXBuildFile section */

/* Begin PBXFileReference section */
		2F21B3AA2B0F88B1001BCB65 /* RootTab.swift */ = {isa = PBXFileReference; lastKnownFileType = sourcecode.swift; path = RootTab.swift; sourceTree = "<group>"; };
		2F21B3AD2B0F896F001BCB65 /* BaseNavigationController.swift */ = {isa = PBXFileReference; lastKnownFileType = sourcecode.swift; path = BaseNavigationController.swift; sourceTree = "<group>"; };
		2F3BD8642AE119CD0044F4DD /* iosSchoolHH.app */ = {isa = PBXFileReference; explicitFileType = wrapper.application; includeInIndex = 0; path = iosSchoolHH.app; sourceTree = BUILT_PRODUCTS_DIR; };
		2F3BD8672AE119CD0044F4DD /* AppDelegate.swift */ = {isa = PBXFileReference; lastKnownFileType = sourcecode.swift; path = AppDelegate.swift; sourceTree = "<group>"; };
		2F3BD8692AE119CD0044F4DD /* SceneDelegate.swift */ = {isa = PBXFileReference; lastKnownFileType = sourcecode.swift; path = SceneDelegate.swift; sourceTree = "<group>"; };
		2F3BD8702AE119CF0044F4DD /* Assets.xcassets */ = {isa = PBXFileReference; lastKnownFileType = folder.assetcatalog; path = Assets.xcassets; sourceTree = "<group>"; };
		2F3BD8732AE119CF0044F4DD /* Base */ = {isa = PBXFileReference; lastKnownFileType = file.storyboard; name = Base; path = Base.lproj/LaunchScreen.storyboard; sourceTree = "<group>"; };
		2F3BD8752AE119CF0044F4DD /* Info.plist */ = {isa = PBXFileReference; lastKnownFileType = text.plist.xml; path = Info.plist; sourceTree = "<group>"; };
		2F4D70182B0FA7F1001133B9 /* TabBarController.swift */ = {isa = PBXFileReference; lastKnownFileType = sourcecode.swift; path = TabBarController.swift; sourceTree = "<group>"; };
		2F531D172B05182E009477A3 /* CharacterApiClient.swift */ = {isa = PBXFileReference; fileEncoding = 4; lastKnownFileType = sourcecode.swift; path = CharacterApiClient.swift; sourceTree = "<group>"; };
		2F531D192B05183F009477A3 /* CharacterAssembly.swift */ = {isa = PBXFileReference; fileEncoding = 4; lastKnownFileType = sourcecode.swift; path = CharacterAssembly.swift; sourceTree = "<group>"; };
		2F531D1B2B051846009477A3 /* CharacterDataProvider.swift */ = {isa = PBXFileReference; fileEncoding = 4; lastKnownFileType = sourcecode.swift; path = CharacterDataProvider.swift; sourceTree = "<group>"; };
		2F531D1D2B05184D009477A3 /* CharacterViewController.swift */ = {isa = PBXFileReference; fileEncoding = 4; lastKnownFileType = sourcecode.swift; path = CharacterViewController.swift; sourceTree = "<group>"; };
		2F531D1F2B051858009477A3 /* LocationAssembly.swift */ = {isa = PBXFileReference; fileEncoding = 4; lastKnownFileType = sourcecode.swift; path = LocationAssembly.swift; sourceTree = "<group>"; };
		2F531D212B051864009477A3 /* LocationCoordinator.swift */ = {isa = PBXFileReference; fileEncoding = 4; lastKnownFileType = sourcecode.swift; path = LocationCoordinator.swift; sourceTree = "<group>"; };
		2F531D272B0640CD009477A3 /* BaseViewController.swift */ = {isa = PBXFileReference; lastKnownFileType = sourcecode.swift; path = BaseViewController.swift; sourceTree = "<group>"; };
		2F531D2A2B0642EE009477A3 /* AuthViewImp.xib */ = {isa = PBXFileReference; lastKnownFileType = file.xib; path = AuthViewImp.xib; sourceTree = "<group>"; };
		2F531D2D2B0672EE009477A3 /* RegistrationViewImp.xib */ = {isa = PBXFileReference; lastKnownFileType = file.xib; path = RegistrationViewImp.xib; sourceTree = "<group>"; };
		2F61526B2AE7629400FCC073 /* Location.swift */ = {isa = PBXFileReference; fileEncoding = 4; lastKnownFileType = sourcecode.swift; path = Location.swift; sourceTree = "<group>"; };
		2F61526D2AE7629400FCC073 /* Character.swift */ = {isa = PBXFileReference; fileEncoding = 4; lastKnownFileType = sourcecode.swift; path = Character.swift; sourceTree = "<group>"; };
		2F61526E2AE7629400FCC073 /* LocationsList.swift */ = {isa = PBXFileReference; fileEncoding = 4; lastKnownFileType = sourcecode.swift; path = LocationsList.swift; sourceTree = "<group>"; };
		2F6152732AEAA5CB00FCC073 /* Assembly.swift */ = {isa = PBXFileReference; lastKnownFileType = sourcecode.swift; path = Assembly.swift; sourceTree = "<group>"; };
		2FB23E502B0FAF460073ABFC /* SplashViewImp.xib */ = {isa = PBXFileReference; lastKnownFileType = file.xib; path = SplashViewImp.xib; sourceTree = "<group>"; };
		2FB23E7B2B14C25C0073ABFC /* LocationView.swift */ = {isa = PBXFileReference; lastKnownFileType = sourcecode.swift; path = LocationView.swift; sourceTree = "<group>"; };
		2FB23E7D2B14D1850073ABFC /* LocationViewData.swift */ = {isa = PBXFileReference; lastKnownFileType = sourcecode.swift; path = LocationViewData.swift; sourceTree = "<group>"; };
		2FB23E802B14D1FB0073ABFC /* LocationCell.swift */ = {isa = PBXFileReference; lastKnownFileType = sourcecode.swift; path = LocationCell.swift; sourceTree = "<group>"; };
		2FB23E812B14D1FB0073ABFC /* LocationCell.xib */ = {isa = PBXFileReference; lastKnownFileType = file.xib; path = LocationCell.xib; sourceTree = "<group>"; };
		2FB23E842B14D4D80073ABFC /* LocationCellData.swift */ = {isa = PBXFileReference; lastKnownFileType = sourcecode.swift; path = LocationCellData.swift; sourceTree = "<group>"; };
		2FB23E872B14D7B00073ABFC /* NSObject+ClassName.swift */ = {isa = PBXFileReference; lastKnownFileType = sourcecode.swift; path = "NSObject+ClassName.swift"; sourceTree = "<group>"; };
		2FB23E892B1519B40073ABFC /* String+capitalizing.swift */ = {isa = PBXFileReference; lastKnownFileType = sourcecode.swift; path = "String+capitalizing.swift"; sourceTree = "<group>"; };
		2FB23E8B2B1519FE0073ABFC /* CommonError.swift */ = {isa = PBXFileReference; lastKnownFileType = sourcecode.swift; path = CommonError.swift; sourceTree = "<group>"; };
		2FB23E942B18CC6C0073ABFC /* ImageService.swift */ = {isa = PBXFileReference; lastKnownFileType = sourcecode.swift; path = ImageService.swift; sourceTree = "<group>"; };
		2FB23EA82B1E01940073ABFC /* StorageManager.swift */ = {isa = PBXFileReference; lastKnownFileType = sourcecode.swift; path = StorageManager.swift; sourceTree = "<group>"; };
		2FB23EAA2B1E39640073ABFC /* Date+dateFormatter.swift */ = {isa = PBXFileReference; lastKnownFileType = sourcecode.swift; path = "Date+dateFormatter.swift"; sourceTree = "<group>"; };
		2FB23EDC2B21F3F40073ABFC /* CoreNibReusable.swift */ = {isa = PBXFileReference; lastKnownFileType = sourcecode.swift; path = CoreNibReusable.swift; sourceTree = "<group>"; };
		2FB23EDE2B21F43C0073ABFC /* CoreCellInputData.swift */ = {isa = PBXFileReference; lastKnownFileType = sourcecode.swift; path = CoreCellInputData.swift; sourceTree = "<group>"; };
		2FB23EE02B21F4930073ABFC /* CoreCellView.swift */ = {isa = PBXFileReference; lastKnownFileType = sourcecode.swift; path = CoreCellView.swift; sourceTree = "<group>"; };
		2FB23EE22B21F5570073ABFC /* CoreReusableView.swift */ = {isa = PBXFileReference; lastKnownFileType = sourcecode.swift; path = CoreReusableView.swift; sourceTree = "<group>"; };
		2FB23EE42B21F6E00073ABFC /* EmptyReusableView.swift */ = {isa = PBXFileReference; lastKnownFileType = sourcecode.swift; path = EmptyReusableView.swift; sourceTree = "<group>"; };
		2FB23EE62B21FB420073ABFC /* CoreSection.swift */ = {isa = PBXFileReference; lastKnownFileType = sourcecode.swift; path = CoreSection.swift; sourceTree = "<group>"; };
		2FB23EE82B21FCCD0073ABFC /* Section.swift */ = {isa = PBXFileReference; lastKnownFileType = sourcecode.swift; path = Section.swift; sourceTree = "<group>"; };
		2FB23EEA2B21FD690073ABFC /* UICollectionView+Registrate.swift */ = {isa = PBXFileReference; lastKnownFileType = sourcecode.swift; path = "UICollectionView+Registrate.swift"; sourceTree = "<group>"; };
		2FB23EEC2B21FF920073ABFC /* CharacterView.swift */ = {isa = PBXFileReference; lastKnownFileType = sourcecode.swift; path = CharacterView.swift; sourceTree = "<group>"; };
		2FB23EEE2B2203F30073ABFC /* CharacterViewData.swift */ = {isa = PBXFileReference; lastKnownFileType = sourcecode.swift; path = CharacterViewData.swift; sourceTree = "<group>"; };
		2FB23EF12B2204390073ABFC /* CharacterCell.swift */ = {isa = PBXFileReference; lastKnownFileType = sourcecode.swift; path = CharacterCell.swift; sourceTree = "<group>"; };
		2FB23EF22B2204390073ABFC /* CharacterCell.xib */ = {isa = PBXFileReference; lastKnownFileType = file.xib; path = CharacterCell.xib; sourceTree = "<group>"; };
		2FB23EF52B2204CB0073ABFC /* CharacterCellData.swift */ = {isa = PBXFileReference; lastKnownFileType = sourcecode.swift; path = CharacterCellData.swift; sourceTree = "<group>"; };
		2FE275942B2ADEF000EB5D39 /* PersonAssembly.swift */ = {isa = PBXFileReference; lastKnownFileType = sourcecode.swift; path = PersonAssembly.swift; sourceTree = "<group>"; };
		2FE275962B2ADEFF00EB5D39 /* PersonDataProvider.swift */ = {isa = PBXFileReference; lastKnownFileType = sourcecode.swift; path = PersonDataProvider.swift; sourceTree = "<group>"; };
		2FE275982B2ADF0A00EB5D39 /* PersonViewController.swift */ = {isa = PBXFileReference; lastKnownFileType = sourcecode.swift; path = PersonViewController.swift; sourceTree = "<group>"; };
		2FE2759A2B2ADF1800EB5D39 /* PersonCoordinator.swift */ = {isa = PBXFileReference; lastKnownFileType = sourcecode.swift; path = PersonCoordinator.swift; sourceTree = "<group>"; };
		2FE2759C2B2ADF2300EB5D39 /* PersonView.swift */ = {isa = PBXFileReference; lastKnownFileType = sourcecode.swift; path = PersonView.swift; sourceTree = "<group>"; };
		2FE2759E2B2ADF2D00EB5D39 /* PersonViewData.swift */ = {isa = PBXFileReference; lastKnownFileType = sourcecode.swift; path = PersonViewData.swift; sourceTree = "<group>"; };
		2FE275A02B2AE1B100EB5D39 /* PersonPhotoCellData.swift */ = {isa = PBXFileReference; lastKnownFileType = sourcecode.swift; path = PersonPhotoCellData.swift; sourceTree = "<group>"; };
		2FE275AA2B2B1FB000EB5D39 /* PersonApiClient.swift */ = {isa = PBXFileReference; lastKnownFileType = sourcecode.swift; path = PersonApiClient.swift; sourceTree = "<group>"; };
		2FE275AC2B2B30A500EB5D39 /* PersonPhotoCell.swift */ = {isa = PBXFileReference; lastKnownFileType = sourcecode.swift; path = PersonPhotoCell.swift; sourceTree = "<group>"; };
		2FE275AD2B2B30A500EB5D39 /* PersonPhotoCell.xib */ = {isa = PBXFileReference; lastKnownFileType = file.xib; path = PersonPhotoCell.xib; sourceTree = "<group>"; };
		2FE275B02B2B3C0500EB5D39 /* PersonEpisodeCell.swift */ = {isa = PBXFileReference; lastKnownFileType = sourcecode.swift; path = PersonEpisodeCell.swift; sourceTree = "<group>"; };
		2FE275B12B2B3C0500EB5D39 /* PersonEpisodeCell.xib */ = {isa = PBXFileReference; lastKnownFileType = file.xib; path = PersonEpisodeCell.xib; sourceTree = "<group>"; };
		2FE275B42B2B3CD900EB5D39 /* PersonEpisodeCellData.swift */ = {isa = PBXFileReference; lastKnownFileType = sourcecode.swift; path = PersonEpisodeCellData.swift; sourceTree = "<group>"; };
		2FE275B62B2B428900EB5D39 /* NSCollectionLayoutSection+SupplementaryItem.swift */ = {isa = PBXFileReference; lastKnownFileType = sourcecode.swift; path = "NSCollectionLayoutSection+SupplementaryItem.swift"; sourceTree = "<group>"; };
		2FE275B82B2B430500EB5D39 /* PersonHeaderView.swift */ = {isa = PBXFileReference; lastKnownFileType = sourcecode.swift; path = PersonHeaderView.swift; sourceTree = "<group>"; };
		2FE275B92B2B430500EB5D39 /* PersonHeaderView.xib */ = {isa = PBXFileReference; lastKnownFileType = file.xib; path = PersonHeaderView.xib; sourceTree = "<group>"; };
		2FE275BC2B2B438700EB5D39 /* PersonHeaderViewData.swift */ = {isa = PBXFileReference; lastKnownFileType = sourcecode.swift; path = PersonHeaderViewData.swift; sourceTree = "<group>"; };
		2FE275BE2B2B692900EB5D39 /* Episode.swift */ = {isa = PBXFileReference; lastKnownFileType = sourcecode.swift; path = Episode.swift; sourceTree = "<group>"; };
		2FE275C02B2C33C800EB5D39 /* PersonSizeCell.swift */ = {isa = PBXFileReference; lastKnownFileType = sourcecode.swift; path = PersonSizeCell.swift; sourceTree = "<group>"; };
		2FE275E72B2C5FBF00EB5D39 /* ProfileViewData.swift */ = {isa = PBXFileReference; fileEncoding = 4; lastKnownFileType = sourcecode.swift; path = ProfileViewData.swift; sourceTree = "<group>"; };
		2FE275E82B2C5FBF00EB5D39 /* ProfileView.swift */ = {isa = PBXFileReference; fileEncoding = 4; lastKnownFileType = sourcecode.swift; path = ProfileView.swift; sourceTree = "<group>"; };
		2FE275E92B2C5FBF00EB5D39 /* ProfileCoordinator.swift */ = {isa = PBXFileReference; fileEncoding = 4; lastKnownFileType = sourcecode.swift; path = ProfileCoordinator.swift; sourceTree = "<group>"; };
		2FE275EA2B2C5FBF00EB5D39 /* ProfileAssembly.swift */ = {isa = PBXFileReference; fileEncoding = 4; lastKnownFileType = sourcecode.swift; path = ProfileAssembly.swift; sourceTree = "<group>"; };
		2FE275EB2B2C5FBF00EB5D39 /* ProfileDataProvider.swift */ = {isa = PBXFileReference; fileEncoding = 4; lastKnownFileType = sourcecode.swift; path = ProfileDataProvider.swift; sourceTree = "<group>"; };
		2FE275F82B2C5FBF00EB5D39 /* ProfileViewController.swift */ = {isa = PBXFileReference; fileEncoding = 4; lastKnownFileType = sourcecode.swift; path = ProfileViewController.swift; sourceTree = "<group>"; };
		2FE2760A2B2C6D4100EB5D39 /* ProfilePhotoCellData.swift */ = {isa = PBXFileReference; lastKnownFileType = sourcecode.swift; path = ProfilePhotoCellData.swift; sourceTree = "<group>"; };
		2FE2760C2B2C6E6700EB5D39 /* ProfileApiClient.swift */ = {isa = PBXFileReference; fileEncoding = 4; lastKnownFileType = sourcecode.swift; path = ProfileApiClient.swift; sourceTree = "<group>"; };
		2FE2760E2B2C6E9400EB5D39 /* Profile.swift */ = {isa = PBXFileReference; fileEncoding = 4; lastKnownFileType = sourcecode.swift; path = Profile.swift; sourceTree = "<group>"; };
		2FE276102B2C6F1000EB5D39 /* ProfilePhotoCell.swift */ = {isa = PBXFileReference; lastKnownFileType = sourcecode.swift; path = ProfilePhotoCell.swift; sourceTree = "<group>"; };
		2FE276112B2C6F1000EB5D39 /* ProfilePhotoCell.xib */ = {isa = PBXFileReference; lastKnownFileType = file.xib; path = ProfilePhotoCell.xib; sourceTree = "<group>"; };
		2FE276142B2C739000EB5D39 /* ProfileSizeCell.swift */ = {isa = PBXFileReference; lastKnownFileType = sourcecode.swift; path = ProfileSizeCell.swift; sourceTree = "<group>"; };
		2FE276162B2C893100EB5D39 /* ProfileUsernameCell.swift */ = {isa = PBXFileReference; lastKnownFileType = sourcecode.swift; path = ProfileUsernameCell.swift; sourceTree = "<group>"; };
		2FE276172B2C893100EB5D39 /* ProfileUsernameCell.xib */ = {isa = PBXFileReference; lastKnownFileType = file.xib; path = ProfileUsernameCell.xib; sourceTree = "<group>"; };
		2FE2761A2B2CB73C00EB5D39 /* ProfileUsernameCellData.swift */ = {isa = PBXFileReference; lastKnownFileType = sourcecode.swift; path = ProfileUsernameCellData.swift; sourceTree = "<group>"; };
		2FE2761C2B2CB9E300EB5D39 /* ProfileDateColorCell.swift */ = {isa = PBXFileReference; lastKnownFileType = sourcecode.swift; path = ProfileDateColorCell.swift; sourceTree = "<group>"; };
		2FE2761D2B2CB9E300EB5D39 /* ProfileDateColorCell.xib */ = {isa = PBXFileReference; lastKnownFileType = file.xib; path = ProfileDateColorCell.xib; sourceTree = "<group>"; };
		2FE276202B2CBC3B00EB5D39 /* ProfileDateColorCellData.swift */ = {isa = PBXFileReference; lastKnownFileType = sourcecode.swift; path = ProfileDateColorCellData.swift; sourceTree = "<group>"; };
		2FE276242B2CC4A000EB5D39 /* ProfileLogoutCell.swift */ = {isa = PBXFileReference; lastKnownFileType = sourcecode.swift; path = ProfileLogoutCell.swift; sourceTree = "<group>"; };
		2FE276252B2CC4A000EB5D39 /* ProfileLogoutCell.xib */ = {isa = PBXFileReference; lastKnownFileType = file.xib; path = ProfileLogoutCell.xib; sourceTree = "<group>"; };
		2FE2762A2B2CC56400EB5D39 /* ProfileLogoutCellData.swift */ = {isa = PBXFileReference; lastKnownFileType = sourcecode.swift; path = ProfileLogoutCellData.swift; sourceTree = "<group>"; };
		2FE276412B2F17FB00EB5D39 /* CustomButton.swift */ = {isa = PBXFileReference; lastKnownFileType = sourcecode.swift; path = CustomButton.swift; sourceTree = "<group>"; };
		2FE276432B2F1C2E00EB5D39 /* CustomTextField.swift */ = {isa = PBXFileReference; lastKnownFileType = sourcecode.swift; path = CustomTextField.swift; sourceTree = "<group>"; };
		2FEB76D02AF9185000EB4B53 /* BaseCoordinator.swift */ = {isa = PBXFileReference; lastKnownFileType = sourcecode.swift; path = BaseCoordinator.swift; sourceTree = "<group>"; };
		2FEB76D22AF9194200EB4B53 /* AppCoordinator.swift */ = {isa = PBXFileReference; lastKnownFileType = sourcecode.swift; path = AppCoordinator.swift; sourceTree = "<group>"; };
		2FEB76D82AF9231900EB4B53 /* AuthView.swift */ = {isa = PBXFileReference; lastKnownFileType = sourcecode.swift; path = AuthView.swift; sourceTree = "<group>"; };
		2FEB76DA2AF9233E00EB4B53 /* AuthViewController.swift */ = {isa = PBXFileReference; lastKnownFileType = sourcecode.swift; path = AuthViewController.swift; sourceTree = "<group>"; };
		2FEB76DE2AF9245700EB4B53 /* AuthDataProvider.swift */ = {isa = PBXFileReference; lastKnownFileType = sourcecode.swift; path = AuthDataProvider.swift; sourceTree = "<group>"; };
		2FEB76E02AF9249900EB4B53 /* AuthAssembly.swift */ = {isa = PBXFileReference; lastKnownFileType = sourcecode.swift; path = AuthAssembly.swift; sourceTree = "<group>"; };
		2FEB76E22AF9261400EB4B53 /* AuthCoordinator.swift */ = {isa = PBXFileReference; lastKnownFileType = sourcecode.swift; path = AuthCoordinator.swift; sourceTree = "<group>"; };
		2FEB76F42AFCE24700EB4B53 /* RegistrationView.swift */ = {isa = PBXFileReference; fileEncoding = 4; lastKnownFileType = sourcecode.swift; path = RegistrationView.swift; sourceTree = "<group>"; };
		2FEB76F52AFCE24700EB4B53 /* RegistrationAssembly.swift */ = {isa = PBXFileReference; fileEncoding = 4; lastKnownFileType = sourcecode.swift; path = RegistrationAssembly.swift; sourceTree = "<group>"; };
		2FEB76F72AFCE24700EB4B53 /* RegistrationDataProvider.swift */ = {isa = PBXFileReference; fileEncoding = 4; lastKnownFileType = sourcecode.swift; path = RegistrationDataProvider.swift; sourceTree = "<group>"; };
		2FEB76F82AFCE24700EB4B53 /* RegistrationViewController.swift */ = {isa = PBXFileReference; fileEncoding = 4; lastKnownFileType = sourcecode.swift; path = RegistrationViewController.swift; sourceTree = "<group>"; };
		2FEB76F92AFCE24700EB4B53 /* RegistrationCoordinator.swift */ = {isa = PBXFileReference; fileEncoding = 4; lastKnownFileType = sourcecode.swift; path = RegistrationCoordinator.swift; sourceTree = "<group>"; };
		2FEB77052AFD131000EB4B53 /* SplashAssembly.swift */ = {isa = PBXFileReference; lastKnownFileType = sourcecode.swift; path = SplashAssembly.swift; sourceTree = "<group>"; };
		2FEB77072AFD132700EB4B53 /* SplashView.swift */ = {isa = PBXFileReference; lastKnownFileType = sourcecode.swift; path = SplashView.swift; sourceTree = "<group>"; };
		2FEB77092AFD136400EB4B53 /* SplashViewController.swift */ = {isa = PBXFileReference; lastKnownFileType = sourcecode.swift; path = SplashViewController.swift; sourceTree = "<group>"; };
		2FEB770B2AFD141900EB4B53 /* SplashCoordinator.swift */ = {isa = PBXFileReference; lastKnownFileType = sourcecode.swift; path = SplashCoordinator.swift; sourceTree = "<group>"; };
		2FEB771F2B025A4100EB4B53 /* TokenResponse.swift */ = {isa = PBXFileReference; lastKnownFileType = sourcecode.swift; path = TokenResponse.swift; sourceTree = "<group>"; };
		2FEB77222B025AF800EB4B53 /* ApiClient.swift */ = {isa = PBXFileReference; lastKnownFileType = sourcecode.swift; path = ApiClient.swift; sourceTree = "<group>"; };
		2FEB77242B025B6000EB4B53 /* NetworkConstants.swift */ = {isa = PBXFileReference; lastKnownFileType = sourcecode.swift; path = NetworkConstants.swift; sourceTree = "<group>"; };
		2FEB77262B025CBA00EB4B53 /* ApiError.swift */ = {isa = PBXFileReference; lastKnownFileType = sourcecode.swift; path = ApiError.swift; sourceTree = "<group>"; };
		2FEB77282B02601500EB4B53 /* AuthApiClient.swift */ = {isa = PBXFileReference; lastKnownFileType = sourcecode.swift; path = AuthApiClient.swift; sourceTree = "<group>"; };
		2FEB77302B028DF900EB4B53 /* LocationViewController.swift */ = {isa = PBXFileReference; fileEncoding = 4; lastKnownFileType = sourcecode.swift; path = LocationViewController.swift; sourceTree = "<group>"; };
		2FEB77312B028DF900EB4B53 /* LocationDataProvider.swift */ = {isa = PBXFileReference; fileEncoding = 4; lastKnownFileType = sourcecode.swift; path = LocationDataProvider.swift; sourceTree = "<group>"; };
		2FEB77342B028E4700EB4B53 /* LocationApiClient.swift */ = {isa = PBXFileReference; lastKnownFileType = sourcecode.swift; path = LocationApiClient.swift; sourceTree = "<group>"; };
		2FEB77452B02A9E400EB4B53 /* RegistrationApiClient.swift */ = {isa = PBXFileReference; lastKnownFileType = sourcecode.swift; path = RegistrationApiClient.swift; sourceTree = "<group>"; };
		2FEB77472B03357E00EB4B53 /* User.swift */ = {isa = PBXFileReference; lastKnownFileType = sourcecode.swift; path = User.swift; sourceTree = "<group>"; };
		2FEB77492B03386900EB4B53 /* CharacterCoordinator.swift */ = {isa = PBXFileReference; lastKnownFileType = sourcecode.swift; path = CharacterCoordinator.swift; sourceTree = "<group>"; };
/* End PBXFileReference section */

/* Begin PBXFrameworksBuildPhase section */
		2F3BD8612AE119CD0044F4DD /* Frameworks */ = {
			isa = PBXFrameworksBuildPhase;
			buildActionMask = 2147483647;
			files = (
				2FB23E4C2B0FABDA0073ABFC /* SPIndicator in Frameworks */,
				2FB23E4E2B0FABDD0073ABFC /* PKHUD in Frameworks */,
				2FB23EA72B1E014B0073ABFC /* KeychainAccess in Frameworks */,
			);
			runOnlyForDeploymentPostprocessing = 0;
		};
/* End PBXFrameworksBuildPhase section */

/* Begin PBXGroup section */
		2F21B3A92B0F889C001BCB65 /* UIKit */ = {
			isa = PBXGroup;
			children = (
				2FB23EDB2B21F3B10073ABFC /* CollectionView */,
				2F21B3AA2B0F88B1001BCB65 /* RootTab.swift */,
				2FE276412B2F17FB00EB5D39 /* CustomButton.swift */,
				2FE276432B2F1C2E00EB5D39 /* CustomTextField.swift */,
			);
			path = UIKit;
			sourceTree = "<group>";
		};
		2F3BD85B2AE119CD0044F4DD = {
			isa = PBXGroup;
			children = (
				2F3BD8662AE119CD0044F4DD /* iosSchoolHH */,
				2F3BD8652AE119CD0044F4DD /* Products */,
				2FB23E4A2B0FABD40073ABFC /* Frameworks */,
			);
			sourceTree = "<group>";
		};
		2F3BD8652AE119CD0044F4DD /* Products */ = {
			isa = PBXGroup;
			children = (
				2F3BD8642AE119CD0044F4DD /* iosSchoolHH.app */,
			);
			name = Products;
			sourceTree = "<group>";
		};
		2F3BD8662AE119CD0044F4DD /* iosSchoolHH */ = {
			isa = PBXGroup;
			children = (
				2FB23E932B18CC5C0073ABFC /* Services */,
				2FB23E862B14D7950073ABFC /* Extensions */,
				2F21B3A92B0F889C001BCB65 /* UIKit */,
				2FEB77212B025AE600EB4B53 /* ApiClient */,
				2FEB76D42AF9223400EB4B53 /* Modules */,
				2F3BD8672AE119CD0044F4DD /* AppDelegate.swift */,
				2F6152732AEAA5CB00FCC073 /* Assembly.swift */,
				2F531D242B064069009477A3 /* Common */,
				2FEB76D22AF9194200EB4B53 /* AppCoordinator.swift */,
				2F3BD8692AE119CD0044F4DD /* SceneDelegate.swift */,
				2F61526A2AE7629400FCC073 /* Models */,
				2F3BD8702AE119CF0044F4DD /* Assets.xcassets */,
				2F3BD8722AE119CF0044F4DD /* LaunchScreen.storyboard */,
				2F3BD8752AE119CF0044F4DD /* Info.plist */,
			);
			path = iosSchoolHH;
			sourceTree = "<group>";
		};
		2F531D242B064069009477A3 /* Common */ = {
			isa = PBXGroup;
			children = (
				2FEB76D02AF9185000EB4B53 /* BaseCoordinator.swift */,
				2F531D272B0640CD009477A3 /* BaseViewController.swift */,
				2F21B3AD2B0F896F001BCB65 /* BaseNavigationController.swift */,
				2F4D70182B0FA7F1001133B9 /* TabBarController.swift */,
			);
			path = Common;
			sourceTree = "<group>";
		};
		2F531D292B0642C2009477A3 /* Subviews */ = {
			isa = PBXGroup;
			children = (
				2F531D2A2B0642EE009477A3 /* AuthViewImp.xib */,
			);
			path = Subviews;
			sourceTree = "<group>";
		};
		2F531D2C2B0672C1009477A3 /* Subviews */ = {
			isa = PBXGroup;
			children = (
				2F531D2D2B0672EE009477A3 /* RegistrationViewImp.xib */,
			);
			path = Subviews;
			sourceTree = "<group>";
		};
		2F61526A2AE7629400FCC073 /* Models */ = {
			isa = PBXGroup;
			children = (
				2F61526B2AE7629400FCC073 /* Location.swift */,
				2FE2760E2B2C6E9400EB5D39 /* Profile.swift */,
				2FEB771F2B025A4100EB4B53 /* TokenResponse.swift */,
				2F61526D2AE7629400FCC073 /* Character.swift */,
				2F61526E2AE7629400FCC073 /* LocationsList.swift */,
				2FEB77472B03357E00EB4B53 /* User.swift */,
				2FB23E8B2B1519FE0073ABFC /* CommonError.swift */,
				2FE275BE2B2B692900EB5D39 /* Episode.swift */,
			);
			path = Models;
			sourceTree = "<group>";
		};
		2FB23E4A2B0FABD40073ABFC /* Frameworks */ = {
			isa = PBXGroup;
			children = (
			);
			name = Frameworks;
			sourceTree = "<group>";
		};
		2FB23E4F2B0FAF1A0073ABFC /* Subviews */ = {
			isa = PBXGroup;
			children = (
				2FB23E502B0FAF460073ABFC /* SplashViewImp.xib */,
			);
			path = Subviews;
			sourceTree = "<group>";
		};
		2FB23E7F2B14D1C10073ABFC /* Subviews */ = {
			isa = PBXGroup;
			children = (
				2FB23E842B14D4D80073ABFC /* LocationCellData.swift */,
				2FB23E802B14D1FB0073ABFC /* LocationCell.swift */,
				2FB23E812B14D1FB0073ABFC /* LocationCell.xib */,
			);
			path = Subviews;
			sourceTree = "<group>";
		};
		2FB23E862B14D7950073ABFC /* Extensions */ = {
			isa = PBXGroup;
			children = (
				2FB23E872B14D7B00073ABFC /* NSObject+ClassName.swift */,
				2FB23E892B1519B40073ABFC /* String+capitalizing.swift */,
				2FB23EEA2B21FD690073ABFC /* UICollectionView+Registrate.swift */,
				2FB23EAA2B1E39640073ABFC /* Date+dateFormatter.swift */,
				2FE275B62B2B428900EB5D39 /* NSCollectionLayoutSection+SupplementaryItem.swift */,
			);
			path = Extensions;
			sourceTree = "<group>";
		};
		2FB23E932B18CC5C0073ABFC /* Services */ = {
			isa = PBXGroup;
			children = (
				2FB23E942B18CC6C0073ABFC /* ImageService.swift */,
				2FB23EA82B1E01940073ABFC /* StorageManager.swift */,
			);
			path = Services;
			sourceTree = "<group>";
		};
		2FB23EDB2B21F3B10073ABFC /* CollectionView */ = {
			isa = PBXGroup;
			children = (
				2FB23EDC2B21F3F40073ABFC /* CoreNibReusable.swift */,
				2FB23EDE2B21F43C0073ABFC /* CoreCellInputData.swift */,
				2FB23EE02B21F4930073ABFC /* CoreCellView.swift */,
				2FB23EE22B21F5570073ABFC /* CoreReusableView.swift */,
				2FB23EE42B21F6E00073ABFC /* EmptyReusableView.swift */,
				2FB23EE62B21FB420073ABFC /* CoreSection.swift */,
				2FB23EE82B21FCCD0073ABFC /* Section.swift */,
			);
			path = CollectionView;
			sourceTree = "<group>";
		};
		2FB23EF02B2204070073ABFC /* Subviews */ = {
			isa = PBXGroup;
			children = (
				2FB23EF52B2204CB0073ABFC /* CharacterCellData.swift */,
				2FB23EF12B2204390073ABFC /* CharacterCell.swift */,
				2FB23EF22B2204390073ABFC /* CharacterCell.xib */,
			);
			path = Subviews;
			sourceTree = "<group>";
		};
		2FE275922B2ADEB400EB5D39 /* Person */ = {
			isa = PBXGroup;
			children = (
				2FE275932B2ADEC400EB5D39 /* Subviews */,
				2FE275942B2ADEF000EB5D39 /* PersonAssembly.swift */,
				2FE275962B2ADEFF00EB5D39 /* PersonDataProvider.swift */,
				2FE275982B2ADF0A00EB5D39 /* PersonViewController.swift */,
				2FE2759A2B2ADF1800EB5D39 /* PersonCoordinator.swift */,
				2FE2759C2B2ADF2300EB5D39 /* PersonView.swift */,
				2FE2759E2B2ADF2D00EB5D39 /* PersonViewData.swift */,
			);
			path = Person;
			sourceTree = "<group>";
		};
		2FE275932B2ADEC400EB5D39 /* Subviews */ = {
			isa = PBXGroup;
			children = (
				2FE275C02B2C33C800EB5D39 /* PersonSizeCell.swift */,
				2FE275A02B2AE1B100EB5D39 /* PersonPhotoCellData.swift */,
				2FE275AC2B2B30A500EB5D39 /* PersonPhotoCell.swift */,
				2FE275AD2B2B30A500EB5D39 /* PersonPhotoCell.xib */,
				2FE275B42B2B3CD900EB5D39 /* PersonEpisodeCellData.swift */,
				2FE275B02B2B3C0500EB5D39 /* PersonEpisodeCell.swift */,
				2FE275B12B2B3C0500EB5D39 /* PersonEpisodeCell.xib */,
				2FE275BC2B2B438700EB5D39 /* PersonHeaderViewData.swift */,
				2FE275B82B2B430500EB5D39 /* PersonHeaderView.swift */,
				2FE275B92B2B430500EB5D39 /* PersonHeaderView.xib */,
			);
			path = Subviews;
			sourceTree = "<group>";
		};
		2FE275E62B2C5FBF00EB5D39 /* Profile */ = {
			isa = PBXGroup;
			children = (
				2FE275EC2B2C5FBF00EB5D39 /* Subviews */,
				2FE275EA2B2C5FBF00EB5D39 /* ProfileAssembly.swift */,
				2FE275EB2B2C5FBF00EB5D39 /* ProfileDataProvider.swift */,
				2FE275F82B2C5FBF00EB5D39 /* ProfileViewController.swift */,
				2FE275E92B2C5FBF00EB5D39 /* ProfileCoordinator.swift */,
				2FE275E82B2C5FBF00EB5D39 /* ProfileView.swift */,
				2FE275E72B2C5FBF00EB5D39 /* ProfileViewData.swift */,
			);
			path = Profile;
			sourceTree = "<group>";
		};
		2FE275EC2B2C5FBF00EB5D39 /* Subviews */ = {
			isa = PBXGroup;
			children = (
				2FE276142B2C739000EB5D39 /* ProfileSizeCell.swift */,
				2FE2760A2B2C6D4100EB5D39 /* ProfilePhotoCellData.swift */,
				2FE276102B2C6F1000EB5D39 /* ProfilePhotoCell.swift */,
				2FE276112B2C6F1000EB5D39 /* ProfilePhotoCell.xib */,
				2FE2761A2B2CB73C00EB5D39 /* ProfileUsernameCellData.swift */,
				2FE276162B2C893100EB5D39 /* ProfileUsernameCell.swift */,
				2FE276172B2C893100EB5D39 /* ProfileUsernameCell.xib */,
				2FE276202B2CBC3B00EB5D39 /* ProfileDateColorCellData.swift */,
				2FE2761C2B2CB9E300EB5D39 /* ProfileDateColorCell.swift */,
				2FE2761D2B2CB9E300EB5D39 /* ProfileDateColorCell.xib */,
				2FE2762A2B2CC56400EB5D39 /* ProfileLogoutCellData.swift */,
				2FE276242B2CC4A000EB5D39 /* ProfileLogoutCell.swift */,
				2FE276252B2CC4A000EB5D39 /* ProfileLogoutCell.xib */,
			);
			path = Subviews;
			sourceTree = "<group>";
		};
		2FEB76D42AF9223400EB4B53 /* Modules */ = {
			isa = PBXGroup;
			children = (
				2FE275E62B2C5FBF00EB5D39 /* Profile */,
				2FE275922B2ADEB400EB5D39 /* Person */,
				2FEB773A2B029A6F00EB4B53 /* Character */,
				2FEB772F2B028DF900EB4B53 /* Location */,
				2FEB77002AFD128200EB4B53 /* Splash */,
				2FEB76F32AFCE24700EB4B53 /* Registration */,
				2FEB76D52AF9225800EB4B53 /* Auth */,
			);
			path = Modules;
			sourceTree = "<group>";
		};
		2FEB76D52AF9225800EB4B53 /* Auth */ = {
			isa = PBXGroup;
			children = (
				2F531D292B0642C2009477A3 /* Subviews */,
				2FEB76D82AF9231900EB4B53 /* AuthView.swift */,
				2FEB76DA2AF9233E00EB4B53 /* AuthViewController.swift */,
				2FEB76E02AF9249900EB4B53 /* AuthAssembly.swift */,
				2FEB76DE2AF9245700EB4B53 /* AuthDataProvider.swift */,
				2FEB76E22AF9261400EB4B53 /* AuthCoordinator.swift */,
			);
			path = Auth;
			sourceTree = "<group>";
		};
		2FEB76F32AFCE24700EB4B53 /* Registration */ = {
			isa = PBXGroup;
			children = (
				2F531D2C2B0672C1009477A3 /* Subviews */,
				2FEB76F42AFCE24700EB4B53 /* RegistrationView.swift */,
				2FEB76F82AFCE24700EB4B53 /* RegistrationViewController.swift */,
				2FEB76F52AFCE24700EB4B53 /* RegistrationAssembly.swift */,
				2FEB76F72AFCE24700EB4B53 /* RegistrationDataProvider.swift */,
				2FEB76F92AFCE24700EB4B53 /* RegistrationCoordinator.swift */,
			);
			path = Registration;
			sourceTree = "<group>";
		};
		2FEB77002AFD128200EB4B53 /* Splash */ = {
			isa = PBXGroup;
			children = (
				2FB23E4F2B0FAF1A0073ABFC /* Subviews */,
				2FEB77072AFD132700EB4B53 /* SplashView.swift */,
				2FEB77092AFD136400EB4B53 /* SplashViewController.swift */,
				2FEB77052AFD131000EB4B53 /* SplashAssembly.swift */,
				2FEB770B2AFD141900EB4B53 /* SplashCoordinator.swift */,
			);
			path = Splash;
			sourceTree = "<group>";
		};
		2FEB77212B025AE600EB4B53 /* ApiClient */ = {
			isa = PBXGroup;
			children = (
				2FEB77222B025AF800EB4B53 /* ApiClient.swift */,
				2FEB77262B025CBA00EB4B53 /* ApiError.swift */,
				2FEB77242B025B6000EB4B53 /* NetworkConstants.swift */,
				2FE2760C2B2C6E6700EB5D39 /* ProfileApiClient.swift */,
				2FEB77282B02601500EB4B53 /* AuthApiClient.swift */,
				2FEB77452B02A9E400EB4B53 /* RegistrationApiClient.swift */,
				2F531D172B05182E009477A3 /* CharacterApiClient.swift */,
				2FEB77342B028E4700EB4B53 /* LocationApiClient.swift */,
				2FE275AA2B2B1FB000EB5D39 /* PersonApiClient.swift */,
			);
			path = ApiClient;
			sourceTree = "<group>";
		};
		2FEB772F2B028DF900EB4B53 /* Location */ = {
			isa = PBXGroup;
			children = (
				2FB23E7F2B14D1C10073ABFC /* Subviews */,
				2FEB77302B028DF900EB4B53 /* LocationViewController.swift */,
				2FB23E7B2B14C25C0073ABFC /* LocationView.swift */,
				2FEB77312B028DF900EB4B53 /* LocationDataProvider.swift */,
				2F531D212B051864009477A3 /* LocationCoordinator.swift */,
				2F531D1F2B051858009477A3 /* LocationAssembly.swift */,
				2FB23E7D2B14D1850073ABFC /* LocationViewData.swift */,
			);
			path = Location;
			sourceTree = "<group>";
		};
		2FEB773A2B029A6F00EB4B53 /* Character */ = {
			isa = PBXGroup;
			children = (
				2FB23EF02B2204070073ABFC /* Subviews */,
				2F531D192B05183F009477A3 /* CharacterAssembly.swift */,
				2F531D1B2B051846009477A3 /* CharacterDataProvider.swift */,
				2F531D1D2B05184D009477A3 /* CharacterViewController.swift */,
				2FEB77492B03386900EB4B53 /* CharacterCoordinator.swift */,
				2FB23EEC2B21FF920073ABFC /* CharacterView.swift */,
				2FB23EEE2B2203F30073ABFC /* CharacterViewData.swift */,
			);
			path = Character;
			sourceTree = "<group>";
		};
/* End PBXGroup section */

/* Begin PBXNativeTarget section */
		2F3BD8632AE119CD0044F4DD /* iosSchoolHH */ = {
			isa = PBXNativeTarget;
			buildConfigurationList = 2F3BD8782AE119CF0044F4DD /* Build configuration list for PBXNativeTarget "iosSchoolHH" */;
			buildPhases = (
				2F3BD8602AE119CD0044F4DD /* Sources */,
				2F3BD8612AE119CD0044F4DD /* Frameworks */,
				2F3BD8622AE119CD0044F4DD /* Resources */,
				2F61525E2AE6AB0F00FCC073 /* SwiftLint */,
			);
			buildRules = (
			);
			dependencies = (
			);
			name = iosSchoolHH;
			packageProductDependencies = (
				2FB23E4B2B0FABDA0073ABFC /* SPIndicator */,
				2FB23E4D2B0FABDD0073ABFC /* PKHUD */,
				2FB23EA62B1E014B0073ABFC /* KeychainAccess */,
			);
			productName = iosSchoolHH;
			productReference = 2F3BD8642AE119CD0044F4DD /* iosSchoolHH.app */;
			productType = "com.apple.product-type.application";
		};
/* End PBXNativeTarget section */

/* Begin PBXProject section */
		2F3BD85C2AE119CD0044F4DD /* Project object */ = {
			isa = PBXProject;
			attributes = {
				BuildIndependentTargetsInParallel = 1;
				LastSwiftUpdateCheck = 1430;
				LastUpgradeCheck = 1430;
				TargetAttributes = {
					2F3BD8632AE119CD0044F4DD = {
						CreatedOnToolsVersion = 14.3.1;
					};
				};
			};
			buildConfigurationList = 2F3BD85F2AE119CD0044F4DD /* Build configuration list for PBXProject "iosSchoolHH" */;
			compatibilityVersion = "Xcode 14.0";
			developmentRegion = en;
			hasScannedForEncodings = 0;
			knownRegions = (
				en,
				Base,
			);
			mainGroup = 2F3BD85B2AE119CD0044F4DD;
			packageReferences = (
				2F21B3AF2B0F923F001BCB65 /* XCRemoteSwiftPackageReference "SPIndicator" */,
				2F21B3B22B0F9437001BCB65 /* XCRemoteSwiftPackageReference "PKHUD" */,
				2FB23EA52B1E014B0073ABFC /* XCRemoteSwiftPackageReference "KeychainAccess" */,
			);
			productRefGroup = 2F3BD8652AE119CD0044F4DD /* Products */;
			projectDirPath = "";
			projectRoot = "";
			targets = (
				2F3BD8632AE119CD0044F4DD /* iosSchoolHH */,
			);
		};
/* End PBXProject section */

/* Begin PBXResourcesBuildPhase section */
		2F3BD8622AE119CD0044F4DD /* Resources */ = {
			isa = PBXResourcesBuildPhase;
			buildActionMask = 2147483647;
			files = (
				2FE2761F2B2CB9E300EB5D39 /* ProfileDateColorCell.xib in Resources */,
				2FE276272B2CC4A000EB5D39 /* ProfileLogoutCell.xib in Resources */,
				2FE275BB2B2B430500EB5D39 /* PersonHeaderView.xib in Resources */,
				2FB23EF42B2204390073ABFC /* CharacterCell.xib in Resources */,
				2FB23E832B14D1FB0073ABFC /* LocationCell.xib in Resources */,
				2FB23E512B0FAF460073ABFC /* SplashViewImp.xib in Resources */,
				2F531D2E2B0672EE009477A3 /* RegistrationViewImp.xib in Resources */,
				2FE276192B2C893100EB5D39 /* ProfileUsernameCell.xib in Resources */,
				2FE276132B2C6F1000EB5D39 /* ProfilePhotoCell.xib in Resources */,
				2F3BD8742AE119CF0044F4DD /* LaunchScreen.storyboard in Resources */,
				2FE275B32B2B3C0500EB5D39 /* PersonEpisodeCell.xib in Resources */,
				2FE275AF2B2B30A500EB5D39 /* PersonPhotoCell.xib in Resources */,
				2F3BD8712AE119CF0044F4DD /* Assets.xcassets in Resources */,
				2F531D2B2B0642EE009477A3 /* AuthViewImp.xib in Resources */,
			);
			runOnlyForDeploymentPostprocessing = 0;
		};
/* End PBXResourcesBuildPhase section */

/* Begin PBXShellScriptBuildPhase section */
		2F61525E2AE6AB0F00FCC073 /* SwiftLint */ = {
			isa = PBXShellScriptBuildPhase;
			alwaysOutOfDate = 1;
			buildActionMask = 2147483647;
			files = (
			);
			inputFileListPaths = (
			);
			inputPaths = (
			);
			name = SwiftLint;
			outputFileListPaths = (
			);
			outputPaths = (
			);
			runOnlyForDeploymentPostprocessing = 0;
			shellPath = /bin/sh;
			shellScript = "export PATH=\"$PATH:/opt/homebrew/bin\"\nif which swiftlint > /dev/null; then\n  swiftlint\nelse\n  echo \"warning: SwiftLint not installed\"\nfi\n";
			showEnvVarsInLog = 0;
		};
/* End PBXShellScriptBuildPhase section */

/* Begin PBXSourcesBuildPhase section */
		2F3BD8602AE119CD0044F4DD /* Sources */ = {
			isa = PBXSourcesBuildPhase;
			buildActionMask = 2147483647;
			files = (
				2FE275FB2B2C5FBF00EB5D39 /* ProfileCoordinator.swift in Sources */,
				2FE275AB2B2B1FB000EB5D39 /* PersonApiClient.swift in Sources */,
				2FE2759D2B2ADF2300EB5D39 /* PersonView.swift in Sources */,
				2FEB77322B028DF900EB4B53 /* LocationViewController.swift in Sources */,
				2F531D182B05182E009477A3 /* CharacterApiClient.swift in Sources */,
				2FEB77352B028E4700EB4B53 /* LocationApiClient.swift in Sources */,
				2FB23EDF2B21F43C0073ABFC /* CoreCellInputData.swift in Sources */,
				2FEB76D32AF9194200EB4B53 /* AppCoordinator.swift in Sources */,
				2F531D222B051864009477A3 /* LocationCoordinator.swift in Sources */,
				2FB23E7E2B14D1850073ABFC /* LocationViewData.swift in Sources */,
				2F531D282B0640CD009477A3 /* BaseViewController.swift in Sources */,
				2FE276092B2C5FBF00EB5D39 /* ProfileViewController.swift in Sources */,
				2F21B3AB2B0F88B1001BCB65 /* RootTab.swift in Sources */,
				2F21B3AE2B0F896F001BCB65 /* BaseNavigationController.swift in Sources */,
				2FB23EA92B1E01940073ABFC /* StorageManager.swift in Sources */,
				2FE275BF2B2B692900EB5D39 /* Episode.swift in Sources */,
				2FE2761E2B2CB9E300EB5D39 /* ProfileDateColorCell.swift in Sources */,
				2FEB76DF2AF9245700EB4B53 /* AuthDataProvider.swift in Sources */,
				2FEB76FF2AFCE24700EB4B53 /* RegistrationCoordinator.swift in Sources */,
				2FE275BA2B2B430500EB5D39 /* PersonHeaderView.swift in Sources */,
				2FB23EAB2B1E39640073ABFC /* Date+dateFormatter.swift in Sources */,
				2FEB77202B025A4100EB4B53 /* TokenResponse.swift in Sources */,
				2FB23EE32B21F5570073ABFC /* CoreReusableView.swift in Sources */,
				2FB23EE52B21F6E00073ABFC /* EmptyReusableView.swift in Sources */,
				2FB23EE72B21FB420073ABFC /* CoreSection.swift in Sources */,
				2F531D1C2B051846009477A3 /* CharacterDataProvider.swift in Sources */,
				2FEB76FA2AFCE24700EB4B53 /* RegistrationView.swift in Sources */,
				2F531D202B051858009477A3 /* LocationAssembly.swift in Sources */,
				2FB23E882B14D7B00073ABFC /* NSObject+ClassName.swift in Sources */,
				2FEB76D92AF9231A00EB4B53 /* AuthView.swift in Sources */,
				2FEB76FB2AFCE24700EB4B53 /* RegistrationAssembly.swift in Sources */,
				2FEB76E32AF9261400EB4B53 /* AuthCoordinator.swift in Sources */,
				2FB23E8A2B1519B40073ABFC /* String+capitalizing.swift in Sources */,
				2FE275B52B2B3CD900EB5D39 /* PersonEpisodeCellData.swift in Sources */,
				2FEB77462B02A9E400EB4B53 /* RegistrationApiClient.swift in Sources */,
				2F6152712AE7629400FCC073 /* Character.swift in Sources */,
				2FB23E822B14D1FB0073ABFC /* LocationCell.swift in Sources */,
				2FE2759F2B2ADF2D00EB5D39 /* PersonViewData.swift in Sources */,
				2FEB77272B025CBA00EB4B53 /* ApiError.swift in Sources */,
				2FE2760F2B2C6E9400EB5D39 /* Profile.swift in Sources */,
				2FE275B22B2B3C0500EB5D39 /* PersonEpisodeCell.swift in Sources */,
				2FEB76FD2AFCE24700EB4B53 /* RegistrationDataProvider.swift in Sources */,
				2FE275952B2ADEF000EB5D39 /* PersonAssembly.swift in Sources */,
				2FB23E852B14D4D80073ABFC /* LocationCellData.swift in Sources */,
				2FE275FA2B2C5FBF00EB5D39 /* ProfileView.swift in Sources */,
				2FE275B72B2B428A00EB5D39 /* NSCollectionLayoutSection+SupplementaryItem.swift in Sources */,
				2F61526F2AE7629400FCC073 /* Location.swift in Sources */,
				2FEB76D12AF9185000EB4B53 /* BaseCoordinator.swift in Sources */,
				2FEB77232B025AF800EB4B53 /* ApiClient.swift in Sources */,
				2FE275992B2ADF0B00EB5D39 /* PersonViewController.swift in Sources */,
				2FEB77482B03357E00EB4B53 /* User.swift in Sources */,
				2FE276442B2F1C2E00EB5D39 /* CustomTextField.swift in Sources */,
				2FE2760D2B2C6E6700EB5D39 /* ProfileApiClient.swift in Sources */,
				2FEB76FE2AFCE24700EB4B53 /* RegistrationViewController.swift in Sources */,
				2FE275FC2B2C5FBF00EB5D39 /* ProfileAssembly.swift in Sources */,
				2FEB76DB2AF9233E00EB4B53 /* AuthViewController.swift in Sources */,
				2FB23E8C2B1519FE0073ABFC /* CommonError.swift in Sources */,
				2FE276262B2CC4A000EB5D39 /* ProfileLogoutCell.swift in Sources */,
				2FE275A12B2AE1B100EB5D39 /* PersonPhotoCellData.swift in Sources */,
				2FB23EEF2B2203F30073ABFC /* CharacterViewData.swift in Sources */,
				2F3BD8682AE119CD0044F4DD /* AppDelegate.swift in Sources */,
				2FE276182B2C893100EB5D39 /* ProfileUsernameCell.swift in Sources */,
				2FE276152B2C739000EB5D39 /* ProfileSizeCell.swift in Sources */,
				2F6152742AEAA5CB00FCC073 /* Assembly.swift in Sources */,
				2FE275FD2B2C5FBF00EB5D39 /* ProfileDataProvider.swift in Sources */,
				2FB23E7C2B14C25C0073ABFC /* LocationView.swift in Sources */,
				2FE275972B2ADEFF00EB5D39 /* PersonDataProvider.swift in Sources */,
				2FEB77292B02601500EB4B53 /* AuthApiClient.swift in Sources */,
				2FE275AE2B2B30A500EB5D39 /* PersonPhotoCell.swift in Sources */,
				2F4D70192B0FA7F1001133B9 /* TabBarController.swift in Sources */,
				2FB23E952B18CC6C0073ABFC /* ImageService.swift in Sources */,
				2FE276422B2F17FB00EB5D39 /* CustomButton.swift in Sources */,
				2F531D1A2B05183F009477A3 /* CharacterAssembly.swift in Sources */,
				2FB23EED2B21FF920073ABFC /* CharacterView.swift in Sources */,
				2FB23EE12B21F4930073ABFC /* CoreCellView.swift in Sources */,
				2F6152722AE7629400FCC073 /* LocationsList.swift in Sources */,
				2FEB774A2B03386900EB4B53 /* CharacterCoordinator.swift in Sources */,
				2F3BD86A2AE119CD0044F4DD /* SceneDelegate.swift in Sources */,
				2FB23EDD2B21F3F40073ABFC /* CoreNibReusable.swift in Sources */,
				2FEB77252B025B6000EB4B53 /* NetworkConstants.swift in Sources */,
				2FE275C12B2C33C800EB5D39 /* PersonSizeCell.swift in Sources */,
				2FE2762B2B2CC56400EB5D39 /* ProfileLogoutCellData.swift in Sources */,
				2FE2760B2B2C6D4100EB5D39 /* ProfilePhotoCellData.swift in Sources */,
				2FE276212B2CBC3B00EB5D39 /* ProfileDateColorCellData.swift in Sources */,
				2FB23EF62B2204CB0073ABFC /* CharacterCellData.swift in Sources */,
				2F531D1E2B05184D009477A3 /* CharacterViewController.swift in Sources */,
				2FEB76E12AF9249900EB4B53 /* AuthAssembly.swift in Sources */,
				2FEB77062AFD131000EB4B53 /* SplashAssembly.swift in Sources */,
				2FE276122B2C6F1000EB5D39 /* ProfilePhotoCell.swift in Sources */,
				2FE2761B2B2CB73C00EB5D39 /* ProfileUsernameCellData.swift in Sources */,
				2FEB770C2AFD141900EB4B53 /* SplashCoordinator.swift in Sources */,
				2FEB77082AFD132700EB4B53 /* SplashView.swift in Sources */,
				2FB23EF32B2204390073ABFC /* CharacterCell.swift in Sources */,
				2FB23EE92B21FCCE0073ABFC /* Section.swift in Sources */,
				2FEB770A2AFD136400EB4B53 /* SplashViewController.swift in Sources */,
				2FE2759B2B2ADF1800EB5D39 /* PersonCoordinator.swift in Sources */,
				2FEB77332B028DF900EB4B53 /* LocationDataProvider.swift in Sources */,
				2FE275BD2B2B438700EB5D39 /* PersonHeaderViewData.swift in Sources */,
				2FE275F92B2C5FBF00EB5D39 /* ProfileViewData.swift in Sources */,
				2FB23EEB2B21FD690073ABFC /* UICollectionView+Registrate.swift in Sources */,
			);
			runOnlyForDeploymentPostprocessing = 0;
		};
/* End PBXSourcesBuildPhase section */

/* Begin PBXVariantGroup section */
		2F3BD8722AE119CF0044F4DD /* LaunchScreen.storyboard */ = {
			isa = PBXVariantGroup;
			children = (
				2F3BD8732AE119CF0044F4DD /* Base */,
			);
			name = LaunchScreen.storyboard;
			sourceTree = "<group>";
		};
/* End PBXVariantGroup section */

/* Begin XCBuildConfiguration section */
		2F3BD8762AE119CF0044F4DD /* Debug */ = {
			isa = XCBuildConfiguration;
			buildSettings = {
				ALWAYS_SEARCH_USER_PATHS = NO;
				CLANG_ANALYZER_NONNULL = YES;
				CLANG_ANALYZER_NUMBER_OBJECT_CONVERSION = YES_AGGRESSIVE;
				CLANG_CXX_LANGUAGE_STANDARD = "gnu++20";
				CLANG_ENABLE_MODULES = YES;
				CLANG_ENABLE_OBJC_ARC = YES;
				CLANG_ENABLE_OBJC_WEAK = YES;
				CLANG_WARN_BLOCK_CAPTURE_AUTORELEASING = YES;
				CLANG_WARN_BOOL_CONVERSION = YES;
				CLANG_WARN_COMMA = YES;
				CLANG_WARN_CONSTANT_CONVERSION = YES;
				CLANG_WARN_DEPRECATED_OBJC_IMPLEMENTATIONS = YES;
				CLANG_WARN_DIRECT_OBJC_ISA_USAGE = YES_ERROR;
				CLANG_WARN_DOCUMENTATION_COMMENTS = YES;
				CLANG_WARN_EMPTY_BODY = YES;
				CLANG_WARN_ENUM_CONVERSION = YES;
				CLANG_WARN_INFINITE_RECURSION = YES;
				CLANG_WARN_INT_CONVERSION = YES;
				CLANG_WARN_NON_LITERAL_NULL_CONVERSION = YES;
				CLANG_WARN_OBJC_IMPLICIT_RETAIN_SELF = YES;
				CLANG_WARN_OBJC_LITERAL_CONVERSION = YES;
				CLANG_WARN_OBJC_ROOT_CLASS = YES_ERROR;
				CLANG_WARN_QUOTED_INCLUDE_IN_FRAMEWORK_HEADER = YES;
				CLANG_WARN_RANGE_LOOP_ANALYSIS = YES;
				CLANG_WARN_STRICT_PROTOTYPES = YES;
				CLANG_WARN_SUSPICIOUS_MOVE = YES;
				CLANG_WARN_UNGUARDED_AVAILABILITY = YES_AGGRESSIVE;
				CLANG_WARN_UNREACHABLE_CODE = YES;
				CLANG_WARN__DUPLICATE_METHOD_MATCH = YES;
				COPY_PHASE_STRIP = NO;
				DEBUG_INFORMATION_FORMAT = dwarf;
				ENABLE_STRICT_OBJC_MSGSEND = YES;
				ENABLE_TESTABILITY = YES;
				GCC_C_LANGUAGE_STANDARD = gnu11;
				GCC_DYNAMIC_NO_PIC = NO;
				GCC_NO_COMMON_BLOCKS = YES;
				GCC_OPTIMIZATION_LEVEL = 0;
				GCC_PREPROCESSOR_DEFINITIONS = (
					"DEBUG=1",
					"$(inherited)",
				);
				GCC_WARN_64_TO_32_BIT_CONVERSION = YES;
				GCC_WARN_ABOUT_RETURN_TYPE = YES_ERROR;
				GCC_WARN_UNDECLARED_SELECTOR = YES;
				GCC_WARN_UNINITIALIZED_AUTOS = YES_AGGRESSIVE;
				GCC_WARN_UNUSED_FUNCTION = YES;
				GCC_WARN_UNUSED_VARIABLE = YES;
				IPHONEOS_DEPLOYMENT_TARGET = 16.4;
				MTL_ENABLE_DEBUG_INFO = INCLUDE_SOURCE;
				MTL_FAST_MATH = YES;
				ONLY_ACTIVE_ARCH = YES;
				SDKROOT = iphoneos;
				SWIFT_ACTIVE_COMPILATION_CONDITIONS = DEBUG;
				SWIFT_OPTIMIZATION_LEVEL = "-Onone";
			};
			name = Debug;
		};
		2F3BD8772AE119CF0044F4DD /* Release */ = {
			isa = XCBuildConfiguration;
			buildSettings = {
				ALWAYS_SEARCH_USER_PATHS = NO;
				CLANG_ANALYZER_NONNULL = YES;
				CLANG_ANALYZER_NUMBER_OBJECT_CONVERSION = YES_AGGRESSIVE;
				CLANG_CXX_LANGUAGE_STANDARD = "gnu++20";
				CLANG_ENABLE_MODULES = YES;
				CLANG_ENABLE_OBJC_ARC = YES;
				CLANG_ENABLE_OBJC_WEAK = YES;
				CLANG_WARN_BLOCK_CAPTURE_AUTORELEASING = YES;
				CLANG_WARN_BOOL_CONVERSION = YES;
				CLANG_WARN_COMMA = YES;
				CLANG_WARN_CONSTANT_CONVERSION = YES;
				CLANG_WARN_DEPRECATED_OBJC_IMPLEMENTATIONS = YES;
				CLANG_WARN_DIRECT_OBJC_ISA_USAGE = YES_ERROR;
				CLANG_WARN_DOCUMENTATION_COMMENTS = YES;
				CLANG_WARN_EMPTY_BODY = YES;
				CLANG_WARN_ENUM_CONVERSION = YES;
				CLANG_WARN_INFINITE_RECURSION = YES;
				CLANG_WARN_INT_CONVERSION = YES;
				CLANG_WARN_NON_LITERAL_NULL_CONVERSION = YES;
				CLANG_WARN_OBJC_IMPLICIT_RETAIN_SELF = YES;
				CLANG_WARN_OBJC_LITERAL_CONVERSION = YES;
				CLANG_WARN_OBJC_ROOT_CLASS = YES_ERROR;
				CLANG_WARN_QUOTED_INCLUDE_IN_FRAMEWORK_HEADER = YES;
				CLANG_WARN_RANGE_LOOP_ANALYSIS = YES;
				CLANG_WARN_STRICT_PROTOTYPES = YES;
				CLANG_WARN_SUSPICIOUS_MOVE = YES;
				CLANG_WARN_UNGUARDED_AVAILABILITY = YES_AGGRESSIVE;
				CLANG_WARN_UNREACHABLE_CODE = YES;
				CLANG_WARN__DUPLICATE_METHOD_MATCH = YES;
				COPY_PHASE_STRIP = NO;
				DEBUG_INFORMATION_FORMAT = "dwarf-with-dsym";
				ENABLE_NS_ASSERTIONS = NO;
				ENABLE_STRICT_OBJC_MSGSEND = YES;
				GCC_C_LANGUAGE_STANDARD = gnu11;
				GCC_NO_COMMON_BLOCKS = YES;
				GCC_WARN_64_TO_32_BIT_CONVERSION = YES;
				GCC_WARN_ABOUT_RETURN_TYPE = YES_ERROR;
				GCC_WARN_UNDECLARED_SELECTOR = YES;
				GCC_WARN_UNINITIALIZED_AUTOS = YES_AGGRESSIVE;
				GCC_WARN_UNUSED_FUNCTION = YES;
				GCC_WARN_UNUSED_VARIABLE = YES;
				IPHONEOS_DEPLOYMENT_TARGET = 16.4;
				MTL_ENABLE_DEBUG_INFO = NO;
				MTL_FAST_MATH = YES;
				SDKROOT = iphoneos;
				SWIFT_COMPILATION_MODE = wholemodule;
				SWIFT_OPTIMIZATION_LEVEL = "-O";
				VALIDATE_PRODUCT = YES;
			};
			name = Release;
		};
		2F3BD8792AE119CF0044F4DD /* Debug */ = {
			isa = XCBuildConfiguration;
			buildSettings = {
				ASSETCATALOG_COMPILER_APPICON_NAME = AppIcon;
				ASSETCATALOG_COMPILER_GLOBAL_ACCENT_COLOR_NAME = AccentColor;
				CODE_SIGN_STYLE = Automatic;
				CURRENT_PROJECT_VERSION = 1;
				DEVELOPMENT_TEAM = 5DFZ35D897;
				GENERATE_INFOPLIST_FILE = YES;
				INFOPLIST_FILE = iosSchoolHH/Info.plist;
				INFOPLIST_KEY_UIApplicationSupportsIndirectInputEvents = YES;
				INFOPLIST_KEY_UILaunchStoryboardName = LaunchScreen;
				INFOPLIST_KEY_UISupportedInterfaceOrientations_iPad = "UIInterfaceOrientationPortrait UIInterfaceOrientationPortraitUpsideDown UIInterfaceOrientationLandscapeLeft UIInterfaceOrientationLandscapeRight";
				INFOPLIST_KEY_UISupportedInterfaceOrientations_iPhone = "UIInterfaceOrientationPortrait UIInterfaceOrientationLandscapeLeft UIInterfaceOrientationLandscapeRight";
				LD_RUNPATH_SEARCH_PATHS = (
					"$(inherited)",
					"@executable_path/Frameworks",
				);
				MARKETING_VERSION = 1.0;
				PRODUCT_BUNDLE_IDENTIFIER = ru.KolAr.iosSchoolHH;
				PRODUCT_NAME = "$(TARGET_NAME)";
				SWIFT_EMIT_LOC_STRINGS = YES;
				SWIFT_VERSION = 5.0;
				TARGETED_DEVICE_FAMILY = "1,2";
			};
			name = Debug;
		};
		2F3BD87A2AE119CF0044F4DD /* Release */ = {
			isa = XCBuildConfiguration;
			buildSettings = {
				ASSETCATALOG_COMPILER_APPICON_NAME = AppIcon;
				ASSETCATALOG_COMPILER_GLOBAL_ACCENT_COLOR_NAME = AccentColor;
				CODE_SIGN_STYLE = Automatic;
				CURRENT_PROJECT_VERSION = 1;
				DEVELOPMENT_TEAM = 5DFZ35D897;
				GENERATE_INFOPLIST_FILE = YES;
				INFOPLIST_FILE = iosSchoolHH/Info.plist;
				INFOPLIST_KEY_UIApplicationSupportsIndirectInputEvents = YES;
				INFOPLIST_KEY_UILaunchStoryboardName = LaunchScreen;
				INFOPLIST_KEY_UISupportedInterfaceOrientations_iPad = "UIInterfaceOrientationPortrait UIInterfaceOrientationPortraitUpsideDown UIInterfaceOrientationLandscapeLeft UIInterfaceOrientationLandscapeRight";
				INFOPLIST_KEY_UISupportedInterfaceOrientations_iPhone = "UIInterfaceOrientationPortrait UIInterfaceOrientationLandscapeLeft UIInterfaceOrientationLandscapeRight";
				LD_RUNPATH_SEARCH_PATHS = (
					"$(inherited)",
					"@executable_path/Frameworks",
				);
				MARKETING_VERSION = 1.0;
				PRODUCT_BUNDLE_IDENTIFIER = ru.KolAr.iosSchoolHH;
				PRODUCT_NAME = "$(TARGET_NAME)";
				SWIFT_EMIT_LOC_STRINGS = YES;
				SWIFT_VERSION = 5.0;
				TARGETED_DEVICE_FAMILY = "1,2";
			};
			name = Release;
		};
/* End XCBuildConfiguration section */

/* Begin XCConfigurationList section */
		2F3BD85F2AE119CD0044F4DD /* Build configuration list for PBXProject "iosSchoolHH" */ = {
			isa = XCConfigurationList;
			buildConfigurations = (
				2F3BD8762AE119CF0044F4DD /* Debug */,
				2F3BD8772AE119CF0044F4DD /* Release */,
			);
			defaultConfigurationIsVisible = 0;
			defaultConfigurationName = Release;
		};
		2F3BD8782AE119CF0044F4DD /* Build configuration list for PBXNativeTarget "iosSchoolHH" */ = {
			isa = XCConfigurationList;
			buildConfigurations = (
				2F3BD8792AE119CF0044F4DD /* Debug */,
				2F3BD87A2AE119CF0044F4DD /* Release */,
			);
			defaultConfigurationIsVisible = 0;
			defaultConfigurationName = Release;
		};
/* End XCConfigurationList section */

/* Begin XCRemoteSwiftPackageReference section */
		2F21B3AF2B0F923F001BCB65 /* XCRemoteSwiftPackageReference "SPIndicator" */ = {
			isa = XCRemoteSwiftPackageReference;
			repositoryURL = "https://github.com/ivanvorobei/SPIndicator";
			requirement = {
				kind = upToNextMajorVersion;
				minimumVersion = 1.6.5;
			};
		};
		2F21B3B22B0F9437001BCB65 /* XCRemoteSwiftPackageReference "PKHUD" */ = {
			isa = XCRemoteSwiftPackageReference;
			repositoryURL = "https://github.com/pkluz/PKHUD";
			requirement = {
				kind = upToNextMajorVersion;
				minimumVersion = 5.0.0;
			};
		};
		2FB23EA52B1E014B0073ABFC /* XCRemoteSwiftPackageReference "KeychainAccess" */ = {
			isa = XCRemoteSwiftPackageReference;
			repositoryURL = "https://github.com/kishikawakatsumi/KeychainAccess";
			requirement = {
				branch = master;
				kind = branch;
			};
		};
/* End XCRemoteSwiftPackageReference section */

/* Begin XCSwiftPackageProductDependency section */
		2FB23E4B2B0FABDA0073ABFC /* SPIndicator */ = {
			isa = XCSwiftPackageProductDependency;
			package = 2F21B3AF2B0F923F001BCB65 /* XCRemoteSwiftPackageReference "SPIndicator" */;
			productName = SPIndicator;
		};
		2FB23E4D2B0FABDD0073ABFC /* PKHUD */ = {
			isa = XCSwiftPackageProductDependency;
			package = 2F21B3B22B0F9437001BCB65 /* XCRemoteSwiftPackageReference "PKHUD" */;
			productName = PKHUD;
		};
		2FB23EA62B1E014B0073ABFC /* KeychainAccess */ = {
			isa = XCSwiftPackageProductDependency;
			package = 2FB23EA52B1E014B0073ABFC /* XCRemoteSwiftPackageReference "KeychainAccess" */;
			productName = KeychainAccess;
		};
/* End XCSwiftPackageProductDependency section */
	};
	rootObject = 2F3BD85C2AE119CD0044F4DD /* Project object */;
}
